PODS:
  - AFNetworking/Reachability (2.6.3)
  - CocoaLumberjack (3.4.1):
    - CocoaLumberjack/Default (= 3.4.1)
    - CocoaLumberjack/Extensions (= 3.4.1)
  - CocoaLumberjack/Default (3.4.1)
  - CocoaLumberjack/Extensions (3.4.1):
    - CocoaLumberjack/Default
  - Crashlytics (3.10.1):
    - Fabric (~> 1.7.5)
  - DZNEmptyDataSet (1.8.1)
  - Fabric (1.7.6)
  - Firebase/Core (4.13.0):
    - FirebaseAnalytics (= 4.2.0)
    - FirebaseCore (= 4.0.20)
  - FirebaseAnalytics (4.2.0):
    - FirebaseCore (~> 4.0)
    - FirebaseInstanceID (~> 2.0)
    - GoogleToolboxForMac/NSData+zlib (~> 2.1)
    - nanopb (~> 0.3)
  - FirebaseCore (4.0.20):
    - GoogleToolboxForMac/NSData+zlib (~> 2.1)
  - FirebaseInstanceID (2.0.10):
    - FirebaseCore (~> 4.0)
  - GoogleFontsiOS/Core (0.1.1)
  - GoogleFontsiOS/Roboto (0.1.1):
    - GoogleFontsiOS/Core
  - GoogleMaps (2.6.0):
    - GoogleMaps/Maps (= 2.6.0)
  - GoogleMaps/Base (2.6.0)
  - GoogleMaps/Maps (2.6.0):
    - GoogleMaps/Base
  - GoogleToolboxForMac/Defines (2.1.3)
  - GoogleToolboxForMac/NSData+zlib (2.1.3):
    - GoogleToolboxForMac/Defines (= 2.1.3)
  - HashBuilder (1.0.1)
  - KVOController (1.2.0)
  - MapsIndoors (2.0.0-rc5):
    - GoogleMaps (= 2.6)
  - MaterialControls (1.2.2)
  - nanopb (0.3.8):
    - nanopb/decode (= 0.3.8)
    - nanopb/encode (= 0.3.8)
  - nanopb/decode (0.3.8)
  - nanopb/encode (0.3.8)
  - PureLayout (3.0.2)
  - SVGKit (2.0.1):
    - CocoaLumberjack (~> 3.x)
  - VCMaterialDesignIcons (2.1.1)

DEPENDENCIES:
  - AFNetworking/Reachability (~> 2.6)
  - Crashlytics
  - DZNEmptyDataSet (~> 1.8.1)
  - Fabric
  - Firebase/Core
  - GoogleFontsiOS/Roboto
  - HashBuilder (~> 1.0)
  - KVOController (~> 1.2.0)
  - MapsIndoors (from `../`)
  - MaterialControls
  - PureLayout (~> 3.0.2)
  - SVGKit (from `https://github.com/SVGKit/SVGKit.git`, branch `2.x`)
  - VCMaterialDesignIcons (~> 2.1)

EXTERNAL SOURCES:
  MapsIndoors:
    :path: ../
  SVGKit:
    :branch: 2.x
    :git: https://github.com/SVGKit/SVGKit.git

CHECKOUT OPTIONS:
  SVGKit:
    :commit: 0799e49c6ccd387888c5a6592b93f8b42e41bfeb
    :git: https://github.com/SVGKit/SVGKit.git

SPEC CHECKSUMS:
  AFNetworking: cb8d14a848e831097108418f5d49217339d4eb60
  CocoaLumberjack: 2e258a064cacc8eb9a2aca318e24d02a0a7fd56d
  Crashlytics: aee1a064cbbf99b32efa3f056a5f458d846bc8ff
  DZNEmptyDataSet: 9525833b9e68ac21c30253e1d3d7076cc828eaa7
  Fabric: f8d42c893bb187326a7968b62abe55c36a987a46
  Firebase: 5ec5e863d269d82d66b4bf56856726f8fb8f0fb3
  FirebaseAnalytics: 7ef69e76a5142f643aeb47c780e1cdce4e23632e
  FirebaseCore: 90cb1c53d69b556f112a1bf72b5fcfaad7650790
  FirebaseInstanceID: 8d20d890d65c917f9f7d9950b6e10a760ad34321
  GoogleFontsiOS: 9f4a4f886160d8cb723bd936604b3f6b975f1167
  GoogleMaps: 42f91c68b7fa2f84d5c86597b18ceb99f5414c7f
  GoogleToolboxForMac: 2501e2ad72a52eb3dfe7bd9aee7dad11b858bd20
  HashBuilder: d2f6cbd492c68350bbcf0fa2216aae50b60657d5
  KVOController: d72ace34afea42468329623b3379ab3cd1d286b6
  MapsIndoors: df3f8f2890840ca0ee7ee32c25bbfedd03e74f89
  MaterialControls: 1c6b29e78d3a13d8dd6a67ed31b6d26eb5de8f72
  nanopb: 5601e6bca2dbf1ed831b519092ec110f66982ca3
  PureLayout: 4d550abe49a94f24c2808b9b95db9131685fe4cd
  SVGKit: 4055d9e809b5db8633755979cfb3b02dc5a8c20d
  VCMaterialDesignIcons: 68a944308ab41282ba8555770cb57e3fbf2034be

PODFILE CHECKSUM: 1dbdfcbe3381667d5a6ba54e7966f098f8087ee0

COCOAPODS: 1.4.0
