PODS:
  - AFNetworking/Reachability (2.6.3)
  - CocoaLumberjack (3.4.2):
    - CocoaLumberjack/Default (= 3.4.2)
    - CocoaLumberjack/Extensions (= 3.4.2)
  - CocoaLumberjack/Default (3.4.2)
  - CocoaLumberjack/Extensions (3.4.2):
    - CocoaLumberjack/Default
  - Crashlytics (3.10.5):
    - Fabric (~> 1.7.9)
  - DZNEmptyDataSet (1.8.1)
  - Fabric (1.7.9)
  - Firebase/Core (5.4.0):
    - Firebase/CoreOnly
    - FirebaseAnalytics (= 5.0.1)
  - Firebase/CoreOnly (5.4.0):
    - FirebaseCore (= 5.0.5)
  - FirebaseAnalytics (5.0.1):
    - FirebaseCore (~> 5.0)
    - FirebaseInstanceID (~> 3.0)
    - GoogleToolboxForMac/NSData+zlib (~> 2.1)
    - nanopb (~> 0.3)
  - FirebaseCore (5.0.5):
    - GoogleToolboxForMac/NSData+zlib (~> 2.1)
  - FirebaseInstanceID (3.1.1):
    - FirebaseCore (~> 5.0)
  - GoogleFontsiOS/Core (0.1.1)
  - GoogleFontsiOS/Roboto (0.1.1):
    - GoogleFontsiOS/Core
  - GoogleMaps (2.6.0):
    - GoogleMaps/Maps (= 2.6.0)
  - GoogleMaps/Base (2.6.0)
  - GoogleMaps/Maps (2.6.0):
    - GoogleMaps/Base
  - GoogleToolboxForMac/Defines (2.1.4)
  - GoogleToolboxForMac/NSData+zlib (2.1.4):
    - GoogleToolboxForMac/Defines (= 2.1.4)
  - HashBuilder (1.0.1)
  - KVOController (1.2.0)
  - MapsIndoors (2.1.0-beta5):
    - GoogleMaps (= 2.6)
  - MaterialControls (1.2.2)
  - nanopb (0.3.8):
    - nanopb/decode (= 0.3.8)
    - nanopb/encode (= 0.3.8)
  - nanopb/decode (0.3.8)
  - nanopb/encode (0.3.8)
  - PureLayout (3.0.2)
  - SVGKit (2.0.1):
    - CocoaLumberjack (~> 3.x)
  - VCMaterialDesignIcons (2.1.1)

DEPENDENCIES:
  - AFNetworking/Reachability (~> 2.6)
  - Crashlytics
  - DZNEmptyDataSet (~> 1.8.1)
  - Fabric
  - Firebase/Core
  - GoogleFontsiOS/Roboto
  - HashBuilder (~> 1.0)
  - KVOController (~> 1.2.0)
  - MapsIndoors (from `../`)
  - MaterialControls
  - PureLayout (~> 3.0.2)
  - SVGKit (from `https://github.com/SVGKit/SVGKit.git`, branch `2.x`)
  - VCMaterialDesignIcons (~> 2.1)

EXTERNAL SOURCES:
  MapsIndoors:
    :path: ../
  SVGKit:
    :branch: 2.x
    :git: https://github.com/SVGKit/SVGKit.git

CHECKOUT OPTIONS:
  SVGKit:
    :commit: d239c2b1b1476667e0470fc7d794649f70cff5a1
    :git: https://github.com/SVGKit/SVGKit.git

SPEC CHECKSUMS:
  AFNetworking: cb8d14a848e831097108418f5d49217339d4eb60
  CocoaLumberjack: db7cc9e464771f12054c22ff6947c5a58d43a0fd
  Crashlytics: 7f2e38d302d9da96475b3d64d86fb29e31a542b7
  DZNEmptyDataSet: 9525833b9e68ac21c30253e1d3d7076cc828eaa7
  Fabric: a2917d3895e4c1569b9c3170de7320ea1b1e6661
  Firebase: d66f4f29c23f22d96808d9abc174d81d8eee968f
  FirebaseAnalytics: b3628aea54c50464c32c393fb2ea032566e7ecc2
  FirebaseCore: 42b3267233bd21a5abd54117ccc38ca3dd0f8e83
  FirebaseInstanceID: f3f0657372592ecdfdfe2cac604a5a75758376a6
  GoogleFontsiOS: 9f4a4f886160d8cb723bd936604b3f6b975f1167
  GoogleMaps: 42f91c68b7fa2f84d5c86597b18ceb99f5414c7f
  GoogleToolboxForMac: 91c824d21e85b31c2aae9bb011c5027c9b4e738f
  HashBuilder: d2f6cbd492c68350bbcf0fa2216aae50b60657d5
  KVOController: d72ace34afea42468329623b3379ab3cd1d286b6
  MapsIndoors: 4a969e9e70bbfab7078c3c92d93095966c9a89c4
  MaterialControls: 1c6b29e78d3a13d8dd6a67ed31b6d26eb5de8f72
  nanopb: 5601e6bca2dbf1ed831b519092ec110f66982ca3
  PureLayout: 4d550abe49a94f24c2808b9b95db9131685fe4cd
  SVGKit: 4055d9e809b5db8633755979cfb3b02dc5a8c20d
  VCMaterialDesignIcons: 68a944308ab41282ba8555770cb57e3fbf2034be

PODFILE CHECKSUM: 1dbdfcbe3381667d5a6ba54e7966f098f8087ee0

COCOAPODS: 1.4.0
