PODS:
  - AFNetworking (2.6.3):
    - AFNetworking/NSURLConnection (= 2.6.3)
    - AFNetworking/NSURLSession (= 2.6.3)
    - AFNetworking/Reachability (= 2.6.3)
    - AFNetworking/Security (= 2.6.3)
    - AFNetworking/Serialization (= 2.6.3)
    - AFNetworking/UIKit (= 2.6.3)
  - AFNetworking/NSURLConnection (2.6.3):
    - AFNetworking/Reachability
    - AFNetworking/Security
    - AFNetworking/Serialization
  - AFNetworking/NSURLSession (2.6.3):
    - AFNetworking/Reachability
    - AFNetworking/Security
    - AFNetworking/Serialization
  - AFNetworking/Reachability (2.6.3)
  - AFNetworking/Security (2.6.3)
  - AFNetworking/Serialization (2.6.3)
  - AFNetworking/UIKit (2.6.3):
    - AFNetworking/NSURLConnection
    - AFNetworking/NSURLSession
  - EasyTableView (1.1.1)
  - Expecta (1.0.5)
  - Expecta+Snapshots (3.0.0):
    - Expecta (~> 1.0)
    - FBSnapshotTestCase/Core (~> 2.0)
    - Specta (~> 1.0)
  - FBSnapshotTestCase (2.1.2):
    - FBSnapshotTestCase/SwiftSupport (= 2.1.2)
  - FBSnapshotTestCase/Core (2.1.2)
  - FBSnapshotTestCase/SwiftSupport (2.1.2):
    - FBSnapshotTestCase/Core
  - GoogleFontsiOS/Core (0.1.1)
  - GoogleFontsiOS/Roboto (0.1.1):
    - GoogleFontsiOS/Core
  - GoogleMaps (2.1.0):
    - GoogleMaps/Maps (= 2.1.0)
  - GoogleMaps/Base (2.1.0)
  - GoogleMaps/Maps (2.1.0):
    - GoogleMaps/Base (= 2.1.0)
  - HashBuilder (1.0.1)
  - JSONModel (1.4.0)
  - MapsIndoors (1.7.21-beta):
    - GoogleMaps (= 2.1.0)
    - JSONModel (~> 1)
  - MaterialControls (1.2.2)
  - Specta (1.0.5)
  - VCMaterialDesignIcons (2.1.1)

DEPENDENCIES:
  - AFNetworking (~> 2.6)
  - EasyTableView (~> 1.1)
  - Expecta
  - Expecta+Snapshots
  - FBSnapshotTestCase
  - GoogleFontsiOS/Roboto
  - HashBuilder (~> 1.0)
  - MapsIndoors (from `../`)
  - MaterialControls (~> 1.2)
  - Specta
  - VCMaterialDesignIcons (~> 2.1)

EXTERNAL SOURCES:
  MapsIndoors:
    :path: "../"

SPEC CHECKSUMS:
  AFNetworking: cb8d14a848e831097108418f5d49217339d4eb60
  EasyTableView: 53f1e858d3f2d87a59651d12c3f7c2a01e7e4ce6
  Expecta: e1c022fcd33910b6be89c291d2775b3fe27a89fe
  Expecta+Snapshots: c343f410c7a6392f3e22e78f94c44b6c0749a516
  FBSnapshotTestCase: 918c55861356ee83aee7843d759f55a18ff6982b
  GoogleFontsiOS: 9f4a4f886160d8cb723bd936604b3f6b975f1167
  GoogleMaps: 06589b9a38097bce0cd6e90f0fd9b5e4b4a9344c
  HashBuilder: d2f6cbd492c68350bbcf0fa2216aae50b60657d5
  JSONModel: 58fe3f8c29ff95ed94e7ee7dde87e807f5da5371
  MapsIndoors: 873a5f6e49443eb896bfa1241d0064a86cebc189
  MaterialControls: 1c6b29e78d3a13d8dd6a67ed31b6d26eb5de8f72
  Specta: ac94d110b865115fe60ff2c6d7281053c6f8e8a2
  VCMaterialDesignIcons: 68a944308ab41282ba8555770cb57e3fbf2034be

PODFILE CHECKSUM: e07da872503d554492e0778d7448594f2ca458a2

COCOAPODS: 1.1.1
