// !$*UTF8*$!
{
	archiveVersion = 1;
	classes = {
	};
	objectVersion = 46;
	objects = {

/* Begin PBXBuildFile section */
		6003F58E195388D20070C39A /* Foundation.framework in Frameworks */ = {isa = PBXBuildFile; fileRef = 6003F58D195388D20070C39A /* Foundation.framework */; };
		6003F590195388D20070C39A /* CoreGraphics.framework in Frameworks */ = {isa = PBXBuildFile; fileRef = 6003F58F195388D20070C39A /* CoreGraphics.framework */; };
		6003F592195388D20070C39A /* UIKit.framework in Frameworks */ = {isa = PBXBuildFile; fileRef = 6003F591195388D20070C39A /* UIKit.framework */; };
		6003F5B1195388D20070C39A /* Foundation.framework in Frameworks */ = {isa = PBXBuildFile; fileRef = 6003F58D195388D20070C39A /* Foundation.framework */; };
		6003F5B2195388D20070C39A /* UIKit.framework in Frameworks */ = {isa = PBXBuildFile; fileRef = 6003F591195388D20070C39A /* UIKit.framework */; };
		6003F5BA195388D20070C39A /* InfoPlist.strings in Resources */ = {isa = PBXBuildFile; fileRef = 6003F5B8195388D20070C39A /* InfoPlist.strings */; };
		6003F5BC195388D20070C39A /* Tests.m in Sources */ = {isa = PBXBuildFile; fileRef = 6003F5BB195388D20070C39A /* Tests.m */; };
		7B9C561B1BDE744900C9D81C /* IndoorAtlas.framework in Frameworks */ = {isa = PBXBuildFile; fileRef = 7B9C561A1BDE744900C9D81C /* IndoorAtlas.framework */; };
		7B9C561F1BDE746A00C9D81C /* CoreMotion.framework in Frameworks */ = {isa = PBXBuildFile; fileRef = 7B9C561E1BDE746A00C9D81C /* CoreMotion.framework */; };
		7B9C56871BE395FE00C9D81C /* CoreLocation.framework in Frameworks */ = {isa = PBXBuildFile; fileRef = 7B9C56861BE395FE00C9D81C /* CoreLocation.framework */; };
		7BBFEC701BDE59BD00570CF8 /* ContainerViewController.m in Sources */ = {isa = PBXBuildFile; fileRef = 7BBFEC5D1BDE59BD00570CF8 /* ContainerViewController.m */; };
		7BBFEC711BDE59BD00570CF8 /* DetailViewController.m in Sources */ = {isa = PBXBuildFile; fileRef = 7BBFEC5F1BDE59BD00570CF8 /* DetailViewController.m */; };
		7BBFEC721BDE59BD00570CF8 /* DirectionsController.m in Sources */ = {isa = PBXBuildFile; fileRef = 7BBFEC611BDE59BD00570CF8 /* DirectionsController.m */; };
		7BBFEC731BDE59BD00570CF8 /* FloatingActionMenuController.m in Sources */ = {isa = PBXBuildFile; fileRef = 7BBFEC631BDE59BD00570CF8 /* FloatingActionMenuController.m */; };
		7BBFEC741BDE59BD00570CF8 /* HorizontalDirectionsController.m in Sources */ = {isa = PBXBuildFile; fileRef = 7BBFEC651BDE59BD00570CF8 /* HorizontalDirectionsController.m */; };
		7BBFEC751BDE59BD00570CF8 /* MapViewController.m in Sources */ = {isa = PBXBuildFile; fileRef = 7BBFEC671BDE59BD00570CF8 /* MapViewController.m */; };
		7BBFEC761BDE59BD00570CF8 /* MasterViewController.m in Sources */ = {isa = PBXBuildFile; fileRef = 7BBFEC691BDE59BD00570CF8 /* MasterViewController.m */; };
		7BBFEC771BDE59BD00570CF8 /* MasterNavigationController.m in Sources */ = {isa = PBXBuildFile; fileRef = 7BBFEC6B1BDE59BD00570CF8 /* MasterNavigationController.m */; };
		7BBFEC781BDE59BD00570CF8 /* SearchViewController.m in Sources */ = {isa = PBXBuildFile; fileRef = 7BBFEC6D1BDE59BD00570CF8 /* SearchViewController.m */; };
		7BBFEC791BDE59BD00570CF8 /* UINavigationController+TransparentNavigationController.m in Sources */ = {isa = PBXBuildFile; fileRef = 7BBFEC6F1BDE59BD00570CF8 /* UINavigationController+TransparentNavigationController.m */; };
		7BBFEC861BDE59D600570CF8 /* Global.m in Sources */ = {isa = PBXBuildFile; fileRef = 7BBFEC7B1BDE59D600570CF8 /* Global.m */; };
		7BBFEC871BDE59D600570CF8 /* GPSPositionProvider.m in Sources */ = {isa = PBXBuildFile; fileRef = 7BBFEC7D1BDE59D600570CF8 /* GPSPositionProvider.m */; };
		7BBFEC881BDE59D600570CF8 /* POIData.m in Sources */ = {isa = PBXBuildFile; fileRef = 7BBFEC7F1BDE59D600570CF8 /* POIData.m */; };
		7BBFEC891BDE59D600570CF8 /* RoutingData.m in Sources */ = {isa = PBXBuildFile; fileRef = 7BBFEC811BDE59D600570CF8 /* RoutingData.m */; };
		7BBFEC9D1BDE59FD00570CF8 /* DirectionsCellView.m in Sources */ = {isa = PBXBuildFile; fileRef = 7BBFEC8D1BDE59FD00570CF8 /* DirectionsCellView.m */; };
		7BBFEC9E1BDE59FD00570CF8 /* DottedLine.m in Sources */ = {isa = PBXBuildFile; fileRef = 7BBFEC8F1BDE59FD00570CF8 /* DottedLine.m */; };
		7BBFEC9F1BDE59FD00570CF8 /* UIColor+AppColor.m in Sources */ = {isa = PBXBuildFile; fileRef = 7BBFEC911BDE59FD00570CF8 /* UIColor+AppColor.m */; };
		7BBFECA01BDE59FD00570CF8 /* UIButton+AppButton.m in Sources */ = {isa = PBXBuildFile; fileRef = 7BBFEC931BDE59FD00570CF8 /* UIButton+AppButton.m */; };
		7BBFECA11BDE59FD00570CF8 /* UIFont+SystemFontOverride.m in Sources */ = {isa = PBXBuildFile; fileRef = 7BBFEC951BDE59FD00570CF8 /* UIFont+SystemFontOverride.m */; };
		7BBFECA21BDE59FD00570CF8 /* UISearchBar+AppSearchBar.m in Sources */ = {isa = PBXBuildFile; fileRef = 7BBFEC971BDE59FD00570CF8 /* UISearchBar+AppSearchBar.m */; };
		7BBFECA31BDE59FD00570CF8 /* DirectionsCellView.xib in Resources */ = {isa = PBXBuildFile; fileRef = 7BBFEC981BDE59FD00570CF8 /* DirectionsCellView.xib */; };
		7BBFECA41BDE59FD00570CF8 /* LaunchScreen.xib in Resources */ = {isa = PBXBuildFile; fileRef = 7BBFEC991BDE59FD00570CF8 /* LaunchScreen.xib */; };
		7BBFECA51BDE59FD00570CF8 /* Main.storyboard in Resources */ = {isa = PBXBuildFile; fileRef = 7BBFEC9A1BDE59FD00570CF8 /* Main.storyboard */; };
		7BBFECA61BDE59FD00570CF8 /* HorizontalDirectionsCellView.xib in Resources */ = {isa = PBXBuildFile; fileRef = 7BBFEC9B1BDE59FD00570CF8 /* HorizontalDirectionsCellView.xib */; };
		7BBFECA71BDE59FD00570CF8 /* HorizontalDirectionsController.xib in Resources */ = {isa = PBXBuildFile; fileRef = 7BBFEC9C1BDE59FD00570CF8 /* HorizontalDirectionsController.xib */; };
		7BBFECFC1BDE5A6900570CF8 /* Auditorium.png in Resources */ = {isa = PBXBuildFile; fileRef = 7BBFECA81BDE5A6900570CF8 /* Auditorium.png */; };
		7BBFECFD1BDE5A6900570CF8 /* Auditorium@2x.png in Resources */ = {isa = PBXBuildFile; fileRef = 7BBFECA91BDE5A6900570CF8 /* Auditorium@2x.png */; };
		7BBFECFE1BDE5A6900570CF8 /* Auditorium@3x.png in Resources */ = {isa = PBXBuildFile; fileRef = 7BBFECAA1BDE5A6900570CF8 /* Auditorium@3x.png */; };
		7BBFECFF1BDE5A6900570CF8 /* Back.png in Resources */ = {isa = PBXBuildFile; fileRef = 7BBFECAB1BDE5A6900570CF8 /* Back.png */; };
		7BBFED001BDE5A6900570CF8 /* Back@2x.png in Resources */ = {isa = PBXBuildFile; fileRef = 7BBFECAC1BDE5A6900570CF8 /* Back@2x.png */; };
		7BBFED011BDE5A6900570CF8 /* Back@3x.png in Resources */ = {isa = PBXBuildFile; fileRef = 7BBFECAD1BDE5A6900570CF8 /* Back@3x.png */; };
		7BBFED021BDE5A6900570CF8 /* bcdining.jpeg in Resources */ = {isa = PBXBuildFile; fileRef = 7BBFECAE1BDE5A6900570CF8 /* bcdining.jpeg */; };
		7BBFED031BDE5A6900570CF8 /* bcdining2.jpg in Resources */ = {isa = PBXBuildFile; fileRef = 7BBFECAF1BDE5A6900570CF8 /* bcdining2.jpg */; };
		7BBFED041BDE5A6900570CF8 /* bchall.jpg in Resources */ = {isa = PBXBuildFile; fileRef = 7BBFECB01BDE5A6900570CF8 /* bchall.jpg */; };
		7BBFED051BDE5A6900570CF8 /* CIFFShowroom.png in Resources */ = {isa = PBXBuildFile; fileRef = 7BBFECB11BDE5A6900570CF8 /* CIFFShowroom.png */; };
		7BBFED061BDE5A6900570CF8 /* CIFFShowroom@2x.png in Resources */ = {isa = PBXBuildFile; fileRef = 7BBFECB21BDE5A6900570CF8 /* CIFFShowroom@2x.png */; };
		7BBFED071BDE5A6900570CF8 /* CIFFShowroom@3x.png in Resources */ = {isa = PBXBuildFile; fileRef = 7BBFECB31BDE5A6900570CF8 /* CIFFShowroom@3x.png */; };
		7BBFED081BDE5A6900570CF8 /* Clock.png in Resources */ = {isa = PBXBuildFile; fileRef = 7BBFECB41BDE5A6900570CF8 /* Clock.png */; };
		7BBFED091BDE5A6900570CF8 /* Clock@2x.png in Resources */ = {isa = PBXBuildFile; fileRef = 7BBFECB51BDE5A6900570CF8 /* Clock@2x.png */; };
		7BBFED0A1BDE5A6900570CF8 /* Clock@3x.png in Resources */ = {isa = PBXBuildFile; fileRef = 7BBFECB61BDE5A6900570CF8 /* Clock@3x.png */; };
		7BBFED0B1BDE5A6900570CF8 /* Close.png in Resources */ = {isa = PBXBuildFile; fileRef = 7BBFECB71BDE5A6900570CF8 /* Close.png */; };
		7BBFED0C1BDE5A6900570CF8 /* Close@2x.png in Resources */ = {isa = PBXBuildFile; fileRef = 7BBFECB81BDE5A6900570CF8 /* Close@2x.png */; };
		7BBFED0D1BDE5A6900570CF8 /* Close@3x.png in Resources */ = {isa = PBXBuildFile; fileRef = 7BBFECB91BDE5A6900570CF8 /* Close@3x.png */; };
		7BBFED0E1BDE5A6900570CF8 /* Conferenceroom.png in Resources */ = {isa = PBXBuildFile; fileRef = 7BBFECBA1BDE5A6900570CF8 /* Conferenceroom.png */; };
		7BBFED0F1BDE5A6900570CF8 /* Conferenceroom@2x.png in Resources */ = {isa = PBXBuildFile; fileRef = 7BBFECBB1BDE5A6900570CF8 /* Conferenceroom@2x.png */; };
		7BBFED101BDE5A6900570CF8 /* Conferenceroom@3x.png in Resources */ = {isa = PBXBuildFile; fileRef = 7BBFECBC1BDE5A6900570CF8 /* Conferenceroom@3x.png */; };
		7BBFED111BDE5A6900570CF8 /* elevator_action@2x.png in Resources */ = {isa = PBXBuildFile; fileRef = 7BBFECBD1BDE5A6900570CF8 /* elevator_action@2x.png */; };
		7BBFED121BDE5A6900570CF8 /* Elevator@2x.png in Resources */ = {isa = PBXBuildFile; fileRef = 7BBFECBE1BDE5A6900570CF8 /* Elevator@2x.png */; };
		7BBFED131BDE5A6900570CF8 /* empty_icon.png in Resources */ = {isa = PBXBuildFile; fileRef = 7BBFECBF1BDE5A6900570CF8 /* empty_icon.png */; };
		7BBFED141BDE5A6900570CF8 /* empty_icon@3x.png in Resources */ = {isa = PBXBuildFile; fileRef = 7BBFECC01BDE5A6900570CF8 /* empty_icon@3x.png */; };
		7BBFED151BDE5A6900570CF8 /* emtpy_icon@2x.png in Resources */ = {isa = PBXBuildFile; fileRef = 7BBFECC11BDE5A6900570CF8 /* emtpy_icon@2x.png */; };
		7BBFED161BDE5A6900570CF8 /* Entrance.png in Resources */ = {isa = PBXBuildFile; fileRef = 7BBFECC21BDE5A6900570CF8 /* Entrance.png */; };
		7BBFED171BDE5A6900570CF8 /* Entrance@2x.png in Resources */ = {isa = PBXBuildFile; fileRef = 7BBFECC31BDE5A6900570CF8 /* Entrance@2x.png */; };
		7BBFED181BDE5A6900570CF8 /* Entrance@3x.png in Resources */ = {isa = PBXBuildFile; fileRef = 7BBFECC41BDE5A6900570CF8 /* Entrance@3x.png */; };
		7BBFED191BDE5A6900570CF8 /* Exit.png in Resources */ = {isa = PBXBuildFile; fileRef = 7BBFECC51BDE5A6900570CF8 /* Exit.png */; };
		7BBFED1A1BDE5A6900570CF8 /* Exit@2x.png in Resources */ = {isa = PBXBuildFile; fileRef = 7BBFECC61BDE5A6900570CF8 /* Exit@2x.png */; };
		7BBFED1B1BDE5A6900570CF8 /* Exit@3x.png in Resources */ = {isa = PBXBuildFile; fileRef = 7BBFECC71BDE5A6900570CF8 /* Exit@3x.png */; };
		7BBFED1C1BDE5A6900570CF8 /* ExitBlack.png in Resources */ = {isa = PBXBuildFile; fileRef = 7BBFECC81BDE5A6900570CF8 /* ExitBlack.png */; };
		7BBFED1D1BDE5A6900570CF8 /* ExitBlack@2x.png in Resources */ = {isa = PBXBuildFile; fileRef = 7BBFECC91BDE5A6900570CF8 /* ExitBlack@2x.png */; };
		7BBFED1E1BDE5A6900570CF8 /* ExitBlack@3x.png in Resources */ = {isa = PBXBuildFile; fileRef = 7BBFECCA1BDE5A6900570CF8 /* ExitBlack@3x.png */; };
		7BBFED1F1BDE5A6900570CF8 /* Findnearest.png in Resources */ = {isa = PBXBuildFile; fileRef = 7BBFECCB1BDE5A6900570CF8 /* Findnearest.png */; };
		7BBFED201BDE5A6900570CF8 /* Findnearest@2x.png in Resources */ = {isa = PBXBuildFile; fileRef = 7BBFECCC1BDE5A6900570CF8 /* Findnearest@2x.png */; };
		7BBFED211BDE5A6900570CF8 /* Findnearest@3x.png in Resources */ = {isa = PBXBuildFile; fileRef = 7BBFECCD1BDE5A6900570CF8 /* Findnearest@3x.png */; };
		7BBFED221BDE5A6900570CF8 /* Hall.png in Resources */ = {isa = PBXBuildFile; fileRef = 7BBFECCE1BDE5A6900570CF8 /* Hall.png */; };
		7BBFED231BDE5A6900570CF8 /* Hall@2x.png in Resources */ = {isa = PBXBuildFile; fileRef = 7BBFECCF1BDE5A6900570CF8 /* Hall@2x.png */; };
		7BBFED241BDE5A6900570CF8 /* Hall@3x.png in Resources */ = {isa = PBXBuildFile; fileRef = 7BBFECD01BDE5A6900570CF8 /* Hall@3x.png */; };
		7BBFED251BDE5A6900570CF8 /* International Hotel.png in Resources */ = {isa = PBXBuildFile; fileRef = 7BBFECD11BDE5A6900570CF8 /* International Hotel.png */; };
		7BBFED261BDE5A6900570CF8 /* InternationalHotel@2x.png in Resources */ = {isa = PBXBuildFile; fileRef = 7BBFECD21BDE5A6900570CF8 /* InternationalHotel@2x.png */; };
		7BBFED271BDE5A6900570CF8 /* InternationalHotel@3x.png in Resources */ = {isa = PBXBuildFile; fileRef = 7BBFECD31BDE5A6900570CF8 /* InternationalHotel@3x.png */; };
		7BBFED281BDE5A6900570CF8 /* lounge.jpg in Resources */ = {isa = PBXBuildFile; fileRef = 7BBFECD41BDE5A6900570CF8 /* lounge.jpg */; };
		7BBFED291BDE5A6900570CF8 /* Mylocation_direction@3x.png in Resources */ = {isa = PBXBuildFile; fileRef = 7BBFECD51BDE5A6900570CF8 /* Mylocation_direction@3x.png */; };
		7BBFED2A1BDE5A6900570CF8 /* Mylocation@3x.png in Resources */ = {isa = PBXBuildFile; fileRef = 7BBFECD61BDE5A6900570CF8 /* Mylocation@3x.png */; };
		7BBFED2B1BDE5A6900570CF8 /* next_action@2x.png in Resources */ = {isa = PBXBuildFile; fileRef = 7BBFECD71BDE5A6900570CF8 /* next_action@2x.png */; };
		7BBFED2C1BDE5A6900570CF8 /* origin@2x.png in Resources */ = {isa = PBXBuildFile; fileRef = 7BBFECD81BDE5A6900570CF8 /* origin@2x.png */; };
		7BBFED2D1BDE5A6900570CF8 /* Parking.png in Resources */ = {isa = PBXBuildFile; fileRef = 7BBFECD91BDE5A6900570CF8 /* Parking.png */; };
		7BBFED2E1BDE5A6900570CF8 /* Parking@2x.png in Resources */ = {isa = PBXBuildFile; fileRef = 7BBFECDA1BDE5A6900570CF8 /* Parking@2x.png */; };
		7BBFED2F1BDE5A6900570CF8 /* Parking@3x.png in Resources */ = {isa = PBXBuildFile; fileRef = 7BBFECDB1BDE5A6900570CF8 /* Parking@3x.png */; };
		7BBFED301BDE5A6900570CF8 /* Phone.png in Resources */ = {isa = PBXBuildFile; fileRef = 7BBFECDC1BDE5A6900570CF8 /* Phone.png */; };
		7BBFED311BDE5A6900570CF8 /* Phone@2x.png in Resources */ = {isa = PBXBuildFile; fileRef = 7BBFECDD1BDE5A6900570CF8 /* Phone@2x.png */; };
		7BBFED321BDE5A6900570CF8 /* Phone@3x.png in Resources */ = {isa = PBXBuildFile; fileRef = 7BBFECDE1BDE5A6900570CF8 /* Phone@3x.png */; };
		7BBFED341BDE5A6900570CF8 /* placeholder@2x.png in Resources */ = {isa = PBXBuildFile; fileRef = 7BBFECE01BDE5A6900570CF8 /* placeholder@2x.png */; };
		7BBFED351BDE5A6900570CF8 /* previous_action@2x.png in Resources */ = {isa = PBXBuildFile; fileRef = 7BBFECE11BDE5A6900570CF8 /* previous_action@2x.png */; };
		7BBFED361BDE5A6900570CF8 /* Restaurant.png in Resources */ = {isa = PBXBuildFile; fileRef = 7BBFECE21BDE5A6900570CF8 /* Restaurant.png */; };
		7BBFED371BDE5A6900570CF8 /* Restaurant@2x.png in Resources */ = {isa = PBXBuildFile; fileRef = 7BBFECE31BDE5A6900570CF8 /* Restaurant@2x.png */; };
		7BBFED381BDE5A6900570CF8 /* Restaurant@3x.png in Resources */ = {isa = PBXBuildFile; fileRef = 7BBFECE41BDE5A6900570CF8 /* Restaurant@3x.png */; };
		7BBFED391BDE5A6900570CF8 /* Restroom.png in Resources */ = {isa = PBXBuildFile; fileRef = 7BBFECE51BDE5A6900570CF8 /* Restroom.png */; };
		7BBFED3A1BDE5A6900570CF8 /* Restroom@2x.png in Resources */ = {isa = PBXBuildFile; fileRef = 7BBFECE61BDE5A6900570CF8 /* Restroom@2x.png */; };
		7BBFED3B1BDE5A6900570CF8 /* Restroom@3x.png in Resources */ = {isa = PBXBuildFile; fileRef = 7BBFECE71BDE5A6900570CF8 /* Restroom@3x.png */; };
		7BBFED3C1BDE5A6900570CF8 /* RestroomBlack.png in Resources */ = {isa = PBXBuildFile; fileRef = 7BBFECE81BDE5A6900570CF8 /* RestroomBlack.png */; };
		7BBFED3D1BDE5A6900570CF8 /* RestroomBlack@2x.png in Resources */ = {isa = PBXBuildFile; fileRef = 7BBFECE91BDE5A6900570CF8 /* RestroomBlack@2x.png */; };
		7BBFED3E1BDE5A6900570CF8 /* RestroomBlack@3x.png in Resources */ = {isa = PBXBuildFile; fileRef = 7BBFECEA1BDE5A6900570CF8 /* RestroomBlack@3x.png */; };
		7BBFED3F1BDE5A6900570CF8 /* Search.png in Resources */ = {isa = PBXBuildFile; fileRef = 7BBFECEB1BDE5A6900570CF8 /* Search.png */; };
		7BBFED401BDE5A6900570CF8 /* Search@2x.png in Resources */ = {isa = PBXBuildFile; fileRef = 7BBFECEC1BDE5A6900570CF8 /* Search@2x.png */; };
		7BBFED411BDE5A6900570CF8 /* Search@3x.png in Resources */ = {isa = PBXBuildFile; fileRef = 7BBFECED1BDE5A6900570CF8 /* Search@3x.png */; };
		7BBFED421BDE5A6900570CF8 /* Stairs.png in Resources */ = {isa = PBXBuildFile; fileRef = 7BBFECEE1BDE5A6900570CF8 /* Stairs.png */; };
		7BBFED431BDE5A6900570CF8 /* Stairs@2x.png in Resources */ = {isa = PBXBuildFile; fileRef = 7BBFECEF1BDE5A6900570CF8 /* Stairs@2x.png */; };
		7BBFED441BDE5A6900570CF8 /* Stairs@3x.png in Resources */ = {isa = PBXBuildFile; fileRef = 7BBFECF01BDE5A6900570CF8 /* Stairs@3x.png */; };
		7BBFED451BDE5A6900570CF8 /* StairsBlack.png in Resources */ = {isa = PBXBuildFile; fileRef = 7BBFECF11BDE5A6900570CF8 /* StairsBlack.png */; };
		7BBFED461BDE5A6900570CF8 /* StairsBlack@2x.png in Resources */ = {isa = PBXBuildFile; fileRef = 7BBFECF21BDE5A6900570CF8 /* StairsBlack@2x.png */; };
		7BBFED471BDE5A6900570CF8 /* StairsBlack@3x.png in Resources */ = {isa = PBXBuildFile; fileRef = 7BBFECF31BDE5A6900570CF8 /* StairsBlack@3x.png */; };
		7BBFED481BDE5A6900570CF8 /* steps_action@2x.png in Resources */ = {isa = PBXBuildFile; fileRef = 7BBFECF41BDE5A6900570CF8 /* steps_action@2x.png */; };
		7BBFED491BDE5A6900570CF8 /* Venue@2x.png in Resources */ = {isa = PBXBuildFile; fileRef = 7BBFECF51BDE5A6900570CF8 /* Venue@2x.png */; };
		7BBFED4A1BDE5A6900570CF8 /* Walk.png in Resources */ = {isa = PBXBuildFile; fileRef = 7BBFECF61BDE5A6900570CF8 /* Walk.png */; };
		7BBFED4B1BDE5A6900570CF8 /* Walk@2x.png in Resources */ = {isa = PBXBuildFile; fileRef = 7BBFECF71BDE5A6900570CF8 /* Walk@2x.png */; };
		7BBFED4C1BDE5A6900570CF8 /* Walk@3x.png in Resources */ = {isa = PBXBuildFile; fileRef = 7BBFECF81BDE5A6900570CF8 /* Walk@3x.png */; };
		7BBFED4D1BDE5A6900570CF8 /* placeholder.png in Resources */ = {isa = PBXBuildFile; fileRef = 7BBFECF91BDE5A6900570CF8 /* placeholder.png */; };
		7BBFED4F1BDE5A6900570CF8 /* placeholder@3x.png in Resources */ = {isa = PBXBuildFile; fileRef = 7BBFECFB1BDE5A6900570CF8 /* placeholder@3x.png */; };
		7BBFED541BDE5B1300570CF8 /* main.m in Sources */ = {isa = PBXBuildFile; fileRef = 7BBFED521BDE5B1300570CF8 /* main.m */; };
		7BE91FC11BDE557800A16EE0 /* AppDelegate.m in Sources */ = {isa = PBXBuildFile; fileRef = 7BE91FBF1BDE557800A16EE0 /* AppDelegate.m */; };
		7BE91FC21BDE557800A16EE0 /* Images.xcassets in Resources */ = {isa = PBXBuildFile; fileRef = 7BE91FC01BDE557800A16EE0 /* Images.xcassets */; };
		85331951A625C375EFC025C8 /* Pods_MapsIndoors_Tests.framework in Frameworks */ = {isa = PBXBuildFile; fileRef = D9D1E803B08FF6F45CF0503D /* Pods_MapsIndoors_Tests.framework */; };
		EAF1F17339E684049D29B902 /* Pods_MapsIndoors_Example.framework in Frameworks */ = {isa = PBXBuildFile; fileRef = A15787388D477D4DCD05C185 /* Pods_MapsIndoors_Example.framework */; };
/* End PBXBuildFile section */

/* Begin PBXContainerItemProxy section */
		7B62D3441BE8B58000F4B5BB /* PBXContainerItemProxy */ = {
			isa = PBXContainerItemProxy;
			containerPortal = 6003F582195388D10070C39A /* Project object */;
			proxyType = 1;
			remoteGlobalIDString = 6003F589195388D20070C39A;
			remoteInfo = MapsIndoors_Example;
		};
/* End PBXContainerItemProxy section */

/* Begin PBXFileReference section */
		021A69AA4D3C588DB7607CF1 /* Pods-MapsIndoors_Example.debug.xcconfig */ = {isa = PBXFileReference; includeInIndex = 1; lastKnownFileType = text.xcconfig; name = "Pods-MapsIndoors_Example.debug.xcconfig"; path = "Pods/Target Support Files/Pods-MapsIndoors_Example/Pods-MapsIndoors_Example.debug.xcconfig"; sourceTree = "<group>"; };
		179FD2986828E33EE85F6E4A /* MapsIndoors.podspec */ = {isa = PBXFileReference; includeInIndex = 1; lastKnownFileType = text; name = MapsIndoors.podspec; path = ../MapsIndoors.podspec; sourceTree = "<group>"; };
		2CD659FEA5582C12FE25C6FE /* README.md */ = {isa = PBXFileReference; includeInIndex = 1; lastKnownFileType = net.daringfireball.markdown; name = README.md; path = ../README.md; sourceTree = "<group>"; };
		6003F58A195388D20070C39A /* MapsIndoors_Example.app */ = {isa = PBXFileReference; explicitFileType = wrapper.application; includeInIndex = 0; path = MapsIndoors_Example.app; sourceTree = BUILT_PRODUCTS_DIR; };
		6003F58D195388D20070C39A /* Foundation.framework */ = {isa = PBXFileReference; lastKnownFileType = wrapper.framework; name = Foundation.framework; path = System/Library/Frameworks/Foundation.framework; sourceTree = SDKROOT; };
		6003F58F195388D20070C39A /* CoreGraphics.framework */ = {isa = PBXFileReference; lastKnownFileType = wrapper.framework; name = CoreGraphics.framework; path = System/Library/Frameworks/CoreGraphics.framework; sourceTree = SDKROOT; };
		6003F591195388D20070C39A /* UIKit.framework */ = {isa = PBXFileReference; lastKnownFileType = wrapper.framework; name = UIKit.framework; path = System/Library/Frameworks/UIKit.framework; sourceTree = SDKROOT; };
		6003F5AE195388D20070C39A /* MapsIndoors_Tests.xctest */ = {isa = PBXFileReference; explicitFileType = wrapper.cfbundle; includeInIndex = 0; path = MapsIndoors_Tests.xctest; sourceTree = BUILT_PRODUCTS_DIR; };
		6003F5B7195388D20070C39A /* Tests-Info.plist */ = {isa = PBXFileReference; lastKnownFileType = text.plist.xml; path = "Tests-Info.plist"; sourceTree = "<group>"; };
		6003F5B9195388D20070C39A /* en */ = {isa = PBXFileReference; lastKnownFileType = text.plist.strings; name = en; path = en.lproj/InfoPlist.strings; sourceTree = "<group>"; };
		6003F5BB195388D20070C39A /* Tests.m */ = {isa = PBXFileReference; lastKnownFileType = sourcecode.c.objc; path = Tests.m; sourceTree = "<group>"; };
		606FC2411953D9B200FFA9A0 /* Tests-Prefix.pch */ = {isa = PBXFileReference; lastKnownFileType = sourcecode.c.h; path = "Tests-Prefix.pch"; sourceTree = "<group>"; };
		63504553228DCBAE8ABC3092 /* Pods-MapsIndoors_Tests.debug.xcconfig */ = {isa = PBXFileReference; includeInIndex = 1; lastKnownFileType = text.xcconfig; name = "Pods-MapsIndoors_Tests.debug.xcconfig"; path = "Pods/Target Support Files/Pods-MapsIndoors_Tests/Pods-MapsIndoors_Tests.debug.xcconfig"; sourceTree = "<group>"; };
		7B9C56191BDE710600C9D81C /* MapsIndoors-Prefix.pch */ = {isa = PBXFileReference; lastKnownFileType = sourcecode.c.h; path = "MapsIndoors-Prefix.pch"; sourceTree = "<group>"; };
		7B9C561A1BDE744900C9D81C /* IndoorAtlas.framework */ = {isa = PBXFileReference; lastKnownFileType = wrapper.framework; path = IndoorAtlas.framework; sourceTree = "<group>"; };
		7B9C561E1BDE746A00C9D81C /* CoreMotion.framework */ = {isa = PBXFileReference; lastKnownFileType = wrapper.framework; name = CoreMotion.framework; path = System/Library/Frameworks/CoreMotion.framework; sourceTree = SDKROOT; };
		7B9C56861BE395FE00C9D81C /* CoreLocation.framework */ = {isa = PBXFileReference; lastKnownFileType = wrapper.framework; name = CoreLocation.framework; path = System/Library/Frameworks/CoreLocation.framework; sourceTree = SDKROOT; };
		7BBFEC5C1BDE59BD00570CF8 /* ContainerViewController.h */ = {isa = PBXFileReference; fileEncoding = 4; lastKnownFileType = sourcecode.c.h; path = ContainerViewController.h; sourceTree = "<group>"; };
		7BBFEC5D1BDE59BD00570CF8 /* ContainerViewController.m */ = {isa = PBXFileReference; fileEncoding = 4; lastKnownFileType = sourcecode.c.objc; path = ContainerViewController.m; sourceTree = "<group>"; };
		7BBFEC5E1BDE59BD00570CF8 /* DetailViewController.h */ = {isa = PBXFileReference; fileEncoding = 4; lastKnownFileType = sourcecode.c.h; path = DetailViewController.h; sourceTree = "<group>"; };
		7BBFEC5F1BDE59BD00570CF8 /* DetailViewController.m */ = {isa = PBXFileReference; fileEncoding = 4; lastKnownFileType = sourcecode.c.objc; path = DetailViewController.m; sourceTree = "<group>"; };
		7BBFEC601BDE59BD00570CF8 /* DirectionsController.h */ = {isa = PBXFileReference; fileEncoding = 4; lastKnownFileType = sourcecode.c.h; path = DirectionsController.h; sourceTree = "<group>"; };
		7BBFEC611BDE59BD00570CF8 /* DirectionsController.m */ = {isa = PBXFileReference; fileEncoding = 4; lastKnownFileType = sourcecode.c.objc; path = DirectionsController.m; sourceTree = "<group>"; };
		7BBFEC621BDE59BD00570CF8 /* FloatingActionMenuController.h */ = {isa = PBXFileReference; fileEncoding = 4; lastKnownFileType = sourcecode.c.h; path = FloatingActionMenuController.h; sourceTree = "<group>"; };
		7BBFEC631BDE59BD00570CF8 /* FloatingActionMenuController.m */ = {isa = PBXFileReference; fileEncoding = 4; lastKnownFileType = sourcecode.c.objc; path = FloatingActionMenuController.m; sourceTree = "<group>"; };
		7BBFEC641BDE59BD00570CF8 /* HorizontalDirectionsController.h */ = {isa = PBXFileReference; fileEncoding = 4; lastKnownFileType = sourcecode.c.h; path = HorizontalDirectionsController.h; sourceTree = "<group>"; };
		7BBFEC651BDE59BD00570CF8 /* HorizontalDirectionsController.m */ = {isa = PBXFileReference; fileEncoding = 4; lastKnownFileType = sourcecode.c.objc; path = HorizontalDirectionsController.m; sourceTree = "<group>"; };
		7BBFEC661BDE59BD00570CF8 /* MapViewController.h */ = {isa = PBXFileReference; fileEncoding = 4; lastKnownFileType = sourcecode.c.h; path = MapViewController.h; sourceTree = "<group>"; };
		7BBFEC671BDE59BD00570CF8 /* MapViewController.m */ = {isa = PBXFileReference; fileEncoding = 4; lastKnownFileType = sourcecode.c.objc; path = MapViewController.m; sourceTree = "<group>"; };
		7BBFEC681BDE59BD00570CF8 /* MasterViewController.h */ = {isa = PBXFileReference; fileEncoding = 4; lastKnownFileType = sourcecode.c.h; path = MasterViewController.h; sourceTree = "<group>"; };
		7BBFEC691BDE59BD00570CF8 /* MasterViewController.m */ = {isa = PBXFileReference; fileEncoding = 4; lastKnownFileType = sourcecode.c.objc; path = MasterViewController.m; sourceTree = "<group>"; };
		7BBFEC6A1BDE59BD00570CF8 /* MasterNavigationController.h */ = {isa = PBXFileReference; fileEncoding = 4; lastKnownFileType = sourcecode.c.h; path = MasterNavigationController.h; sourceTree = "<group>"; };
		7BBFEC6B1BDE59BD00570CF8 /* MasterNavigationController.m */ = {isa = PBXFileReference; fileEncoding = 4; lastKnownFileType = sourcecode.c.objc; path = MasterNavigationController.m; sourceTree = "<group>"; };
		7BBFEC6C1BDE59BD00570CF8 /* SearchViewController.h */ = {isa = PBXFileReference; fileEncoding = 4; lastKnownFileType = sourcecode.c.h; path = SearchViewController.h; sourceTree = "<group>"; };
		7BBFEC6D1BDE59BD00570CF8 /* SearchViewController.m */ = {isa = PBXFileReference; fileEncoding = 4; lastKnownFileType = sourcecode.c.objc; path = SearchViewController.m; sourceTree = "<group>"; };
		7BBFEC6E1BDE59BD00570CF8 /* UINavigationController+TransparentNavigationController.h */ = {isa = PBXFileReference; fileEncoding = 4; lastKnownFileType = sourcecode.c.h; path = "UINavigationController+TransparentNavigationController.h"; sourceTree = "<group>"; };
		7BBFEC6F1BDE59BD00570CF8 /* UINavigationController+TransparentNavigationController.m */ = {isa = PBXFileReference; fileEncoding = 4; lastKnownFileType = sourcecode.c.objc; path = "UINavigationController+TransparentNavigationController.m"; sourceTree = "<group>"; };
		7BBFEC7A1BDE59D600570CF8 /* Global.h */ = {isa = PBXFileReference; fileEncoding = 4; lastKnownFileType = sourcecode.c.h; path = Global.h; sourceTree = "<group>"; };
		7BBFEC7B1BDE59D600570CF8 /* Global.m */ = {isa = PBXFileReference; fileEncoding = 4; lastKnownFileType = sourcecode.c.objc; path = Global.m; sourceTree = "<group>"; };
		7BBFEC7C1BDE59D600570CF8 /* GPSPositionProvider.h */ = {isa = PBXFileReference; fileEncoding = 4; lastKnownFileType = sourcecode.c.h; path = GPSPositionProvider.h; sourceTree = "<group>"; };
		7BBFEC7D1BDE59D600570CF8 /* GPSPositionProvider.m */ = {isa = PBXFileReference; fileEncoding = 4; lastKnownFileType = sourcecode.c.objc; path = GPSPositionProvider.m; sourceTree = "<group>"; };
		7BBFEC7E1BDE59D600570CF8 /* POIData.h */ = {isa = PBXFileReference; fileEncoding = 4; lastKnownFileType = sourcecode.c.h; path = POIData.h; sourceTree = "<group>"; };
		7BBFEC7F1BDE59D600570CF8 /* POIData.m */ = {isa = PBXFileReference; fileEncoding = 4; lastKnownFileType = sourcecode.c.objc; path = POIData.m; sourceTree = "<group>"; };
		7BBFEC801BDE59D600570CF8 /* RoutingData.h */ = {isa = PBXFileReference; fileEncoding = 4; lastKnownFileType = sourcecode.c.h; path = RoutingData.h; sourceTree = "<group>"; };
		7BBFEC811BDE59D600570CF8 /* RoutingData.m */ = {isa = PBXFileReference; fileEncoding = 4; lastKnownFileType = sourcecode.c.objc; path = RoutingData.m; sourceTree = "<group>"; };
		7BBFEC8C1BDE59FD00570CF8 /* DirectionsCellView.h */ = {isa = PBXFileReference; fileEncoding = 4; lastKnownFileType = sourcecode.c.h; path = DirectionsCellView.h; sourceTree = "<group>"; };
		7BBFEC8D1BDE59FD00570CF8 /* DirectionsCellView.m */ = {isa = PBXFileReference; fileEncoding = 4; lastKnownFileType = sourcecode.c.objc; path = DirectionsCellView.m; sourceTree = "<group>"; };
		7BBFEC8E1BDE59FD00570CF8 /* DottedLine.h */ = {isa = PBXFileReference; fileEncoding = 4; lastKnownFileType = sourcecode.c.h; path = DottedLine.h; sourceTree = "<group>"; };
		7BBFEC8F1BDE59FD00570CF8 /* DottedLine.m */ = {isa = PBXFileReference; fileEncoding = 4; lastKnownFileType = sourcecode.c.objc; path = DottedLine.m; sourceTree = "<group>"; };
		7BBFEC901BDE59FD00570CF8 /* UIColor+AppColor.h */ = {isa = PBXFileReference; fileEncoding = 4; lastKnownFileType = sourcecode.c.h; path = "UIColor+AppColor.h"; sourceTree = "<group>"; };
		7BBFEC911BDE59FD00570CF8 /* UIColor+AppColor.m */ = {isa = PBXFileReference; fileEncoding = 4; lastKnownFileType = sourcecode.c.objc; path = "UIColor+AppColor.m"; sourceTree = "<group>"; };
		7BBFEC921BDE59FD00570CF8 /* UIButton+AppButton.h */ = {isa = PBXFileReference; fileEncoding = 4; lastKnownFileType = sourcecode.c.h; path = "UIButton+AppButton.h"; sourceTree = "<group>"; };
		7BBFEC931BDE59FD00570CF8 /* UIButton+AppButton.m */ = {isa = PBXFileReference; fileEncoding = 4; lastKnownFileType = sourcecode.c.objc; path = "UIButton+AppButton.m"; sourceTree = "<group>"; };
		7BBFEC941BDE59FD00570CF8 /* UIFont+SystemFontOverride.h */ = {isa = PBXFileReference; fileEncoding = 4; lastKnownFileType = sourcecode.c.h; path = "UIFont+SystemFontOverride.h"; sourceTree = "<group>"; };
		7BBFEC951BDE59FD00570CF8 /* UIFont+SystemFontOverride.m */ = {isa = PBXFileReference; fileEncoding = 4; lastKnownFileType = sourcecode.c.objc; path = "UIFont+SystemFontOverride.m"; sourceTree = "<group>"; };
		7BBFEC961BDE59FD00570CF8 /* UISearchBar+AppSearchBar.h */ = {isa = PBXFileReference; fileEncoding = 4; lastKnownFileType = sourcecode.c.h; path = "UISearchBar+AppSearchBar.h"; sourceTree = "<group>"; };
		7BBFEC971BDE59FD00570CF8 /* UISearchBar+AppSearchBar.m */ = {isa = PBXFileReference; fileEncoding = 4; lastKnownFileType = sourcecode.c.objc; path = "UISearchBar+AppSearchBar.m"; sourceTree = "<group>"; };
		7BBFEC981BDE59FD00570CF8 /* DirectionsCellView.xib */ = {isa = PBXFileReference; fileEncoding = 4; lastKnownFileType = file.xib; path = DirectionsCellView.xib; sourceTree = "<group>"; };
		7BBFEC991BDE59FD00570CF8 /* LaunchScreen.xib */ = {isa = PBXFileReference; fileEncoding = 4; lastKnownFileType = file.xib; path = LaunchScreen.xib; sourceTree = "<group>"; };
		7BBFEC9A1BDE59FD00570CF8 /* Main.storyboard */ = {isa = PBXFileReference; fileEncoding = 4; lastKnownFileType = file.storyboard; path = Main.storyboard; sourceTree = "<group>"; };
		7BBFEC9B1BDE59FD00570CF8 /* HorizontalDirectionsCellView.xib */ = {isa = PBXFileReference; fileEncoding = 4; lastKnownFileType = file.xib; path = HorizontalDirectionsCellView.xib; sourceTree = "<group>"; };
		7BBFEC9C1BDE59FD00570CF8 /* HorizontalDirectionsController.xib */ = {isa = PBXFileReference; fileEncoding = 4; lastKnownFileType = file.xib; path = HorizontalDirectionsController.xib; sourceTree = "<group>"; };
		7BBFECA81BDE5A6900570CF8 /* Auditorium.png */ = {isa = PBXFileReference; lastKnownFileType = image.png; path = Auditorium.png; sourceTree = "<group>"; };
		7BBFECA91BDE5A6900570CF8 /* Auditorium@2x.png */ = {isa = PBXFileReference; lastKnownFileType = image.png; path = "Auditorium@2x.png"; sourceTree = "<group>"; };
		7BBFECAA1BDE5A6900570CF8 /* Auditorium@3x.png */ = {isa = PBXFileReference; lastKnownFileType = image.png; path = "Auditorium@3x.png"; sourceTree = "<group>"; };
		7BBFECAB1BDE5A6900570CF8 /* Back.png */ = {isa = PBXFileReference; lastKnownFileType = image.png; path = Back.png; sourceTree = "<group>"; };
		7BBFECAC1BDE5A6900570CF8 /* Back@2x.png */ = {isa = PBXFileReference; lastKnownFileType = image.png; path = "Back@2x.png"; sourceTree = "<group>"; };
		7BBFECAD1BDE5A6900570CF8 /* Back@3x.png */ = {isa = PBXFileReference; lastKnownFileType = image.png; path = "Back@3x.png"; sourceTree = "<group>"; };
		7BBFECAE1BDE5A6900570CF8 /* bcdining.jpeg */ = {isa = PBXFileReference; lastKnownFileType = image.jpeg; path = bcdining.jpeg; sourceTree = "<group>"; };
		7BBFECAF1BDE5A6900570CF8 /* bcdining2.jpg */ = {isa = PBXFileReference; lastKnownFileType = image.jpeg; path = bcdining2.jpg; sourceTree = "<group>"; };
		7BBFECB01BDE5A6900570CF8 /* bchall.jpg */ = {isa = PBXFileReference; lastKnownFileType = image.jpeg; path = bchall.jpg; sourceTree = "<group>"; };
		7BBFECB11BDE5A6900570CF8 /* CIFFShowroom.png */ = {isa = PBXFileReference; lastKnownFileType = image.png; path = CIFFShowroom.png; sourceTree = "<group>"; };
		7BBFECB21BDE5A6900570CF8 /* CIFFShowroom@2x.png */ = {isa = PBXFileReference; lastKnownFileType = image.png; path = "CIFFShowroom@2x.png"; sourceTree = "<group>"; };
		7BBFECB31BDE5A6900570CF8 /* CIFFShowroom@3x.png */ = {isa = PBXFileReference; lastKnownFileType = image.png; path = "CIFFShowroom@3x.png"; sourceTree = "<group>"; };
		7BBFECB41BDE5A6900570CF8 /* Clock.png */ = {isa = PBXFileReference; lastKnownFileType = image.png; path = Clock.png; sourceTree = "<group>"; };
		7BBFECB51BDE5A6900570CF8 /* Clock@2x.png */ = {isa = PBXFileReference; lastKnownFileType = image.png; path = "Clock@2x.png"; sourceTree = "<group>"; };
		7BBFECB61BDE5A6900570CF8 /* Clock@3x.png */ = {isa = PBXFileReference; lastKnownFileType = image.png; path = "Clock@3x.png"; sourceTree = "<group>"; };
		7BBFECB71BDE5A6900570CF8 /* Close.png */ = {isa = PBXFileReference; lastKnownFileType = image.png; path = Close.png; sourceTree = "<group>"; };
		7BBFECB81BDE5A6900570CF8 /* Close@2x.png */ = {isa = PBXFileReference; lastKnownFileType = image.png; path = "Close@2x.png"; sourceTree = "<group>"; };
		7BBFECB91BDE5A6900570CF8 /* Close@3x.png */ = {isa = PBXFileReference; lastKnownFileType = image.png; path = "Close@3x.png"; sourceTree = "<group>"; };
		7BBFECBA1BDE5A6900570CF8 /* Conferenceroom.png */ = {isa = PBXFileReference; lastKnownFileType = image.png; path = Conferenceroom.png; sourceTree = "<group>"; };
		7BBFECBB1BDE5A6900570CF8 /* Conferenceroom@2x.png */ = {isa = PBXFileReference; lastKnownFileType = image.png; path = "Conferenceroom@2x.png"; sourceTree = "<group>"; };
		7BBFECBC1BDE5A6900570CF8 /* Conferenceroom@3x.png */ = {isa = PBXFileReference; lastKnownFileType = image.png; path = "Conferenceroom@3x.png"; sourceTree = "<group>"; };
		7BBFECBD1BDE5A6900570CF8 /* elevator_action@2x.png */ = {isa = PBXFileReference; lastKnownFileType = image.png; path = "elevator_action@2x.png"; sourceTree = "<group>"; };
		7BBFECBE1BDE5A6900570CF8 /* Elevator@2x.png */ = {isa = PBXFileReference; lastKnownFileType = image.png; path = "Elevator@2x.png"; sourceTree = "<group>"; };
		7BBFECBF1BDE5A6900570CF8 /* empty_icon.png */ = {isa = PBXFileReference; lastKnownFileType = image.png; path = empty_icon.png; sourceTree = "<group>"; };
		7BBFECC01BDE5A6900570CF8 /* empty_icon@3x.png */ = {isa = PBXFileReference; lastKnownFileType = image.png; path = "empty_icon@3x.png"; sourceTree = "<group>"; };
		7BBFECC11BDE5A6900570CF8 /* emtpy_icon@2x.png */ = {isa = PBXFileReference; lastKnownFileType = image.png; path = "emtpy_icon@2x.png"; sourceTree = "<group>"; };
		7BBFECC21BDE5A6900570CF8 /* Entrance.png */ = {isa = PBXFileReference; lastKnownFileType = image.png; path = Entrance.png; sourceTree = "<group>"; };
		7BBFECC31BDE5A6900570CF8 /* Entrance@2x.png */ = {isa = PBXFileReference; lastKnownFileType = image.png; path = "Entrance@2x.png"; sourceTree = "<group>"; };
		7BBFECC41BDE5A6900570CF8 /* Entrance@3x.png */ = {isa = PBXFileReference; lastKnownFileType = image.png; path = "Entrance@3x.png"; sourceTree = "<group>"; };
		7BBFECC51BDE5A6900570CF8 /* Exit.png */ = {isa = PBXFileReference; lastKnownFileType = image.png; path = Exit.png; sourceTree = "<group>"; };
		7BBFECC61BDE5A6900570CF8 /* Exit@2x.png */ = {isa = PBXFileReference; lastKnownFileType = image.png; path = "Exit@2x.png"; sourceTree = "<group>"; };
		7BBFECC71BDE5A6900570CF8 /* Exit@3x.png */ = {isa = PBXFileReference; lastKnownFileType = image.png; path = "Exit@3x.png"; sourceTree = "<group>"; };
		7BBFECC81BDE5A6900570CF8 /* ExitBlack.png */ = {isa = PBXFileReference; lastKnownFileType = image.png; path = ExitBlack.png; sourceTree = "<group>"; };
		7BBFECC91BDE5A6900570CF8 /* ExitBlack@2x.png */ = {isa = PBXFileReference; lastKnownFileType = image.png; path = "ExitBlack@2x.png"; sourceTree = "<group>"; };
		7BBFECCA1BDE5A6900570CF8 /* ExitBlack@3x.png */ = {isa = PBXFileReference; lastKnownFileType = image.png; path = "ExitBlack@3x.png"; sourceTree = "<group>"; };
		7BBFECCB1BDE5A6900570CF8 /* Findnearest.png */ = {isa = PBXFileReference; lastKnownFileType = image.png; path = Findnearest.png; sourceTree = "<group>"; };
		7BBFECCC1BDE5A6900570CF8 /* Findnearest@2x.png */ = {isa = PBXFileReference; lastKnownFileType = image.png; path = "Findnearest@2x.png"; sourceTree = "<group>"; };
		7BBFECCD1BDE5A6900570CF8 /* Findnearest@3x.png */ = {isa = PBXFileReference; lastKnownFileType = image.png; path = "Findnearest@3x.png"; sourceTree = "<group>"; };
		7BBFECCE1BDE5A6900570CF8 /* Hall.png */ = {isa = PBXFileReference; lastKnownFileType = image.png; path = Hall.png; sourceTree = "<group>"; };
		7BBFECCF1BDE5A6900570CF8 /* Hall@2x.png */ = {isa = PBXFileReference; lastKnownFileType = image.png; path = "Hall@2x.png"; sourceTree = "<group>"; };
		7BBFECD01BDE5A6900570CF8 /* Hall@3x.png */ = {isa = PBXFileReference; lastKnownFileType = image.png; path = "Hall@3x.png"; sourceTree = "<group>"; };
		7BBFECD11BDE5A6900570CF8 /* International Hotel.png */ = {isa = PBXFileReference; lastKnownFileType = image.png; path = "International Hotel.png"; sourceTree = "<group>"; };
		7BBFECD21BDE5A6900570CF8 /* InternationalHotel@2x.png */ = {isa = PBXFileReference; lastKnownFileType = image.png; path = "InternationalHotel@2x.png"; sourceTree = "<group>"; };
		7BBFECD31BDE5A6900570CF8 /* InternationalHotel@3x.png */ = {isa = PBXFileReference; lastKnownFileType = image.png; path = "InternationalHotel@3x.png"; sourceTree = "<group>"; };
		7BBFECD41BDE5A6900570CF8 /* lounge.jpg */ = {isa = PBXFileReference; lastKnownFileType = image.jpeg; path = lounge.jpg; sourceTree = "<group>"; };
		7BBFECD51BDE5A6900570CF8 /* Mylocation_direction@3x.png */ = {isa = PBXFileReference; lastKnownFileType = image.png; path = "Mylocation_direction@3x.png"; sourceTree = "<group>"; };
		7BBFECD61BDE5A6900570CF8 /* Mylocation@3x.png */ = {isa = PBXFileReference; lastKnownFileType = image.png; path = "Mylocation@3x.png"; sourceTree = "<group>"; };
		7BBFECD71BDE5A6900570CF8 /* next_action@2x.png */ = {isa = PBXFileReference; lastKnownFileType = image.png; path = "next_action@2x.png"; sourceTree = "<group>"; };
		7BBFECD81BDE5A6900570CF8 /* origin@2x.png */ = {isa = PBXFileReference; lastKnownFileType = image.png; path = "origin@2x.png"; sourceTree = "<group>"; };
		7BBFECD91BDE5A6900570CF8 /* Parking.png */ = {isa = PBXFileReference; lastKnownFileType = image.png; path = Parking.png; sourceTree = "<group>"; };
		7BBFECDA1BDE5A6900570CF8 /* Parking@2x.png */ = {isa = PBXFileReference; lastKnownFileType = image.png; path = "Parking@2x.png"; sourceTree = "<group>"; };
		7BBFECDB1BDE5A6900570CF8 /* Parking@3x.png */ = {isa = PBXFileReference; lastKnownFileType = image.png; path = "Parking@3x.png"; sourceTree = "<group>"; };
		7BBFECDC1BDE5A6900570CF8 /* Phone.png */ = {isa = PBXFileReference; lastKnownFileType = image.png; path = Phone.png; sourceTree = "<group>"; };
		7BBFECDD1BDE5A6900570CF8 /* Phone@2x.png */ = {isa = PBXFileReference; lastKnownFileType = image.png; path = "Phone@2x.png"; sourceTree = "<group>"; };
		7BBFECDE1BDE5A6900570CF8 /* Phone@3x.png */ = {isa = PBXFileReference; lastKnownFileType = image.png; path = "Phone@3x.png"; sourceTree = "<group>"; };
		7BBFECDF1BDE5A6900570CF8 /* placeholder.png */ = {isa = PBXFileReference; lastKnownFileType = image.png; path = placeholder.png; sourceTree = "<group>"; };
		7BBFECE01BDE5A6900570CF8 /* placeholder@2x.png */ = {isa = PBXFileReference; lastKnownFileType = image.png; path = "placeholder@2x.png"; sourceTree = "<group>"; };
		7BBFECE11BDE5A6900570CF8 /* previous_action@2x.png */ = {isa = PBXFileReference; lastKnownFileType = image.png; path = "previous_action@2x.png"; sourceTree = "<group>"; };
		7BBFECE21BDE5A6900570CF8 /* Restaurant.png */ = {isa = PBXFileReference; lastKnownFileType = image.png; path = Restaurant.png; sourceTree = "<group>"; };
		7BBFECE31BDE5A6900570CF8 /* Restaurant@2x.png */ = {isa = PBXFileReference; lastKnownFileType = image.png; path = "Restaurant@2x.png"; sourceTree = "<group>"; };
		7BBFECE41BDE5A6900570CF8 /* Restaurant@3x.png */ = {isa = PBXFileReference; lastKnownFileType = image.png; path = "Restaurant@3x.png"; sourceTree = "<group>"; };
		7BBFECE51BDE5A6900570CF8 /* Restroom.png */ = {isa = PBXFileReference; lastKnownFileType = image.png; path = Restroom.png; sourceTree = "<group>"; };
		7BBFECE61BDE5A6900570CF8 /* Restroom@2x.png */ = {isa = PBXFileReference; lastKnownFileType = image.png; path = "Restroom@2x.png"; sourceTree = "<group>"; };
		7BBFECE71BDE5A6900570CF8 /* Restroom@3x.png */ = {isa = PBXFileReference; lastKnownFileType = image.png; path = "Restroom@3x.png"; sourceTree = "<group>"; };
		7BBFECE81BDE5A6900570CF8 /* RestroomBlack.png */ = {isa = PBXFileReference; lastKnownFileType = image.png; path = RestroomBlack.png; sourceTree = "<group>"; };
		7BBFECE91BDE5A6900570CF8 /* RestroomBlack@2x.png */ = {isa = PBXFileReference; lastKnownFileType = image.png; path = "RestroomBlack@2x.png"; sourceTree = "<group>"; };
		7BBFECEA1BDE5A6900570CF8 /* RestroomBlack@3x.png */ = {isa = PBXFileReference; lastKnownFileType = image.png; path = "RestroomBlack@3x.png"; sourceTree = "<group>"; };
		7BBFECEB1BDE5A6900570CF8 /* Search.png */ = {isa = PBXFileReference; lastKnownFileType = image.png; path = Search.png; sourceTree = "<group>"; };
		7BBFECEC1BDE5A6900570CF8 /* Search@2x.png */ = {isa = PBXFileReference; lastKnownFileType = image.png; path = "Search@2x.png"; sourceTree = "<group>"; };
		7BBFECED1BDE5A6900570CF8 /* Search@3x.png */ = {isa = PBXFileReference; lastKnownFileType = image.png; path = "Search@3x.png"; sourceTree = "<group>"; };
		7BBFECEE1BDE5A6900570CF8 /* Stairs.png */ = {isa = PBXFileReference; lastKnownFileType = image.png; path = Stairs.png; sourceTree = "<group>"; };
		7BBFECEF1BDE5A6900570CF8 /* Stairs@2x.png */ = {isa = PBXFileReference; lastKnownFileType = image.png; path = "Stairs@2x.png"; sourceTree = "<group>"; };
		7BBFECF01BDE5A6900570CF8 /* Stairs@3x.png */ = {isa = PBXFileReference; lastKnownFileType = image.png; path = "Stairs@3x.png"; sourceTree = "<group>"; };
		7BBFECF11BDE5A6900570CF8 /* StairsBlack.png */ = {isa = PBXFileReference; lastKnownFileType = image.png; path = StairsBlack.png; sourceTree = "<group>"; };
		7BBFECF21BDE5A6900570CF8 /* StairsBlack@2x.png */ = {isa = PBXFileReference; lastKnownFileType = image.png; path = "StairsBlack@2x.png"; sourceTree = "<group>"; };
		7BBFECF31BDE5A6900570CF8 /* StairsBlack@3x.png */ = {isa = PBXFileReference; lastKnownFileType = image.png; path = "StairsBlack@3x.png"; sourceTree = "<group>"; };
		7BBFECF41BDE5A6900570CF8 /* steps_action@2x.png */ = {isa = PBXFileReference; lastKnownFileType = image.png; path = "steps_action@2x.png"; sourceTree = "<group>"; };
		7BBFECF51BDE5A6900570CF8 /* Venue@2x.png */ = {isa = PBXFileReference; lastKnownFileType = image.png; path = "Venue@2x.png"; sourceTree = "<group>"; };
		7BBFECF61BDE5A6900570CF8 /* Walk.png */ = {isa = PBXFileReference; lastKnownFileType = image.png; path = Walk.png; sourceTree = "<group>"; };
		7BBFECF71BDE5A6900570CF8 /* Walk@2x.png */ = {isa = PBXFileReference; lastKnownFileType = image.png; path = "Walk@2x.png"; sourceTree = "<group>"; };
		7BBFECF81BDE5A6900570CF8 /* Walk@3x.png */ = {isa = PBXFileReference; lastKnownFileType = image.png; path = "Walk@3x.png"; sourceTree = "<group>"; };
		7BBFECF91BDE5A6900570CF8 /* placeholder.png */ = {isa = PBXFileReference; lastKnownFileType = image.png; path = placeholder.png; sourceTree = "<group>"; };
		7BBFECFA1BDE5A6900570CF8 /* placeholder@2x.png */ = {isa = PBXFileReference; lastKnownFileType = image.png; path = "placeholder@2x.png"; sourceTree = "<group>"; };
		7BBFECFB1BDE5A6900570CF8 /* placeholder@3x.png */ = {isa = PBXFileReference; lastKnownFileType = image.png; path = "placeholder@3x.png"; sourceTree = "<group>"; };
		7BBFED511BDE5B1300570CF8 /* Info.plist */ = {isa = PBXFileReference; fileEncoding = 4; lastKnownFileType = text.plist.xml; path = Info.plist; sourceTree = "<group>"; };
		7BBFED521BDE5B1300570CF8 /* main.m */ = {isa = PBXFileReference; fileEncoding = 4; lastKnownFileType = sourcecode.c.objc; path = main.m; sourceTree = "<group>"; };
		7BE91FBE1BDE557800A16EE0 /* AppDelegate.h */ = {isa = PBXFileReference; fileEncoding = 4; lastKnownFileType = sourcecode.c.h; path = AppDelegate.h; sourceTree = "<group>"; };
		7BE91FBF1BDE557800A16EE0 /* AppDelegate.m */ = {isa = PBXFileReference; fileEncoding = 4; lastKnownFileType = sourcecode.c.objc; path = AppDelegate.m; sourceTree = "<group>"; };
		7BE91FC01BDE557800A16EE0 /* Images.xcassets */ = {isa = PBXFileReference; lastKnownFileType = folder.assetcatalog; path = Images.xcassets; sourceTree = "<group>"; };
		966DCDED7F0A9B1AAF18793C /* Pods-MapsIndoors_Tests.release.xcconfig */ = {isa = PBXFileReference; includeInIndex = 1; lastKnownFileType = text.xcconfig; name = "Pods-MapsIndoors_Tests.release.xcconfig"; path = "Pods/Target Support Files/Pods-MapsIndoors_Tests/Pods-MapsIndoors_Tests.release.xcconfig"; sourceTree = "<group>"; };
		9AB961D7B93DBB16D943EFD0 /* LICENSE */ = {isa = PBXFileReference; includeInIndex = 1; lastKnownFileType = text; name = LICENSE; path = ../LICENSE; sourceTree = "<group>"; };
		A15787388D477D4DCD05C185 /* Pods_MapsIndoors_Example.framework */ = {isa = PBXFileReference; explicitFileType = wrapper.framework; includeInIndex = 0; path = Pods_MapsIndoors_Example.framework; sourceTree = BUILT_PRODUCTS_DIR; };
		D4C41619E8538A4474172EC9 /* Pods-MapsIndoors_Example.release.xcconfig */ = {isa = PBXFileReference; includeInIndex = 1; lastKnownFileType = text.xcconfig; name = "Pods-MapsIndoors_Example.release.xcconfig"; path = "Pods/Target Support Files/Pods-MapsIndoors_Example/Pods-MapsIndoors_Example.release.xcconfig"; sourceTree = "<group>"; };
		D9D1E803B08FF6F45CF0503D /* Pods_MapsIndoors_Tests.framework */ = {isa = PBXFileReference; explicitFileType = wrapper.framework; includeInIndex = 0; path = Pods_MapsIndoors_Tests.framework; sourceTree = BUILT_PRODUCTS_DIR; };
/* End PBXFileReference section */

/* Begin PBXFrameworksBuildPhase section */
		6003F587195388D20070C39A /* Frameworks */ = {
			isa = PBXFrameworksBuildPhase;
			buildActionMask = 2147483647;
			files = (
				7B9C56871BE395FE00C9D81C /* CoreLocation.framework in Frameworks */,
				7B9C561F1BDE746A00C9D81C /* CoreMotion.framework in Frameworks */,
				6003F590195388D20070C39A /* CoreGraphics.framework in Frameworks */,
				6003F592195388D20070C39A /* UIKit.framework in Frameworks */,
				7B9C561B1BDE744900C9D81C /* IndoorAtlas.framework in Frameworks */,
				6003F58E195388D20070C39A /* Foundation.framework in Frameworks */,
				EAF1F17339E684049D29B902 /* Pods_MapsIndoors_Example.framework in Frameworks */,
			);
			runOnlyForDeploymentPostprocessing = 0;
		};
		6003F5AB195388D20070C39A /* Frameworks */ = {
			isa = PBXFrameworksBuildPhase;
			buildActionMask = 2147483647;
			files = (
				6003F5B2195388D20070C39A /* UIKit.framework in Frameworks */,
				6003F5B1195388D20070C39A /* Foundation.framework in Frameworks */,
				85331951A625C375EFC025C8 /* Pods_MapsIndoors_Tests.framework in Frameworks */,
			);
			runOnlyForDeploymentPostprocessing = 0;
		};
/* End PBXFrameworksBuildPhase section */

/* Begin PBXGroup section */
		6003F581195388D10070C39A = {
			isa = PBXGroup;
			children = (
				60FF7A9C1954A5C5007DD14C /* Podspec Metadata */,
				6003F593195388D20070C39A /* Example for MapsIndoors */,
				6003F5B5195388D20070C39A /* Tests */,
				6003F58C195388D20070C39A /* Frameworks */,
				6003F58B195388D20070C39A /* Products */,
				FF82ECF2C061D4EB527FEACA /* Pods */,
			);
			sourceTree = "<group>";
		};
		6003F58B195388D20070C39A /* Products */ = {
			isa = PBXGroup;
			children = (
				6003F58A195388D20070C39A /* MapsIndoors_Example.app */,
				6003F5AE195388D20070C39A /* MapsIndoors_Tests.xctest */,
			);
			name = Products;
			sourceTree = "<group>";
		};
		6003F58C195388D20070C39A /* Frameworks */ = {
			isa = PBXGroup;
			children = (
				7B9C56861BE395FE00C9D81C /* CoreLocation.framework */,
				7B9C561E1BDE746A00C9D81C /* CoreMotion.framework */,
				7B9C561A1BDE744900C9D81C /* IndoorAtlas.framework */,
				6003F58D195388D20070C39A /* Foundation.framework */,
				6003F58F195388D20070C39A /* CoreGraphics.framework */,
				6003F591195388D20070C39A /* UIKit.framework */,
				A15787388D477D4DCD05C185 /* Pods_MapsIndoors_Example.framework */,
				D9D1E803B08FF6F45CF0503D /* Pods_MapsIndoors_Tests.framework */,
			);
			name = Frameworks;
			sourceTree = "<group>";
		};
		6003F593195388D20070C39A /* Example for MapsIndoors */ = {
			isa = PBXGroup;
			children = (
				7BE91FBE1BDE557800A16EE0 /* AppDelegate.h */,
				7BE91FBF1BDE557800A16EE0 /* AppDelegate.m */,
				7BBFEC571BDE591800570CF8 /* Controllers */,
				7BBFEC5B1BDE59A500570CF8 /* gfx */,
				7BE91FC01BDE557800A16EE0 /* Images.xcassets */,
				7BBFEC581BDE592500570CF8 /* Services */,
				7BBFED501BDE5AE300570CF8 /* Supporting Files */,
				7BBFEC591BDE592D00570CF8 /* Views */,
			);
			name = "Example for MapsIndoors";
			path = MapsIndoors;
			sourceTree = "<group>";
		};
		6003F5B5195388D20070C39A /* Tests */ = {
			isa = PBXGroup;
			children = (
				6003F5BB195388D20070C39A /* Tests.m */,
				6003F5B6195388D20070C39A /* Supporting Files */,
			);
			path = Tests;
			sourceTree = "<group>";
		};
		6003F5B6195388D20070C39A /* Supporting Files */ = {
			isa = PBXGroup;
			children = (
				6003F5B7195388D20070C39A /* Tests-Info.plist */,
				6003F5B8195388D20070C39A /* InfoPlist.strings */,
				606FC2411953D9B200FFA9A0 /* Tests-Prefix.pch */,
			);
			name = "Supporting Files";
			sourceTree = "<group>";
		};
		60FF7A9C1954A5C5007DD14C /* Podspec Metadata */ = {
			isa = PBXGroup;
			children = (
				179FD2986828E33EE85F6E4A /* MapsIndoors.podspec */,
				2CD659FEA5582C12FE25C6FE /* README.md */,
				9AB961D7B93DBB16D943EFD0 /* LICENSE */,
			);
			name = "Podspec Metadata";
			sourceTree = "<group>";
		};
		7BBFEC571BDE591800570CF8 /* Controllers */ = {
			isa = PBXGroup;
			children = (
				7BBFEC5C1BDE59BD00570CF8 /* ContainerViewController.h */,
				7BBFEC5D1BDE59BD00570CF8 /* ContainerViewController.m */,
				7BBFEC5E1BDE59BD00570CF8 /* DetailViewController.h */,
				7BBFEC5F1BDE59BD00570CF8 /* DetailViewController.m */,
				7BBFEC601BDE59BD00570CF8 /* DirectionsController.h */,
				7BBFEC611BDE59BD00570CF8 /* DirectionsController.m */,
				7BBFEC621BDE59BD00570CF8 /* FloatingActionMenuController.h */,
				7BBFEC631BDE59BD00570CF8 /* FloatingActionMenuController.m */,
				7BBFEC641BDE59BD00570CF8 /* HorizontalDirectionsController.h */,
				7BBFEC651BDE59BD00570CF8 /* HorizontalDirectionsController.m */,
				7BBFEC661BDE59BD00570CF8 /* MapViewController.h */,
				7BBFEC671BDE59BD00570CF8 /* MapViewController.m */,
				7BBFEC681BDE59BD00570CF8 /* MasterViewController.h */,
				7BBFEC691BDE59BD00570CF8 /* MasterViewController.m */,
				7BBFEC6A1BDE59BD00570CF8 /* MasterNavigationController.h */,
				7BBFEC6B1BDE59BD00570CF8 /* MasterNavigationController.m */,
				7BBFEC6C1BDE59BD00570CF8 /* SearchViewController.h */,
				7BBFEC6D1BDE59BD00570CF8 /* SearchViewController.m */,
				7BBFEC6E1BDE59BD00570CF8 /* UINavigationController+TransparentNavigationController.h */,
				7BBFEC6F1BDE59BD00570CF8 /* UINavigationController+TransparentNavigationController.m */,
			);
			name = Controllers;
			sourceTree = "<group>";
		};
		7BBFEC581BDE592500570CF8 /* Services */ = {
			isa = PBXGroup;
			children = (
				7BBFEC7A1BDE59D600570CF8 /* Global.h */,
				7BBFEC7B1BDE59D600570CF8 /* Global.m */,
				7BBFEC7C1BDE59D600570CF8 /* GPSPositionProvider.h */,
				7BBFEC7D1BDE59D600570CF8 /* GPSPositionProvider.m */,
				7BBFEC7E1BDE59D600570CF8 /* POIData.h */,
				7BBFEC7F1BDE59D600570CF8 /* POIData.m */,
				7BBFEC801BDE59D600570CF8 /* RoutingData.h */,
				7BBFEC811BDE59D600570CF8 /* RoutingData.m */,
			);
			name = Services;
			sourceTree = "<group>";
		};
		7BBFEC591BDE592D00570CF8 /* Views */ = {
			isa = PBXGroup;
			children = (
				7BBFEC8C1BDE59FD00570CF8 /* DirectionsCellView.h */,
				7BBFEC8D1BDE59FD00570CF8 /* DirectionsCellView.m */,
				7BBFEC8E1BDE59FD00570CF8 /* DottedLine.h */,
				7BBFEC8F1BDE59FD00570CF8 /* DottedLine.m */,
				7BBFEC901BDE59FD00570CF8 /* UIColor+AppColor.h */,
				7BBFEC911BDE59FD00570CF8 /* UIColor+AppColor.m */,
				7BBFEC921BDE59FD00570CF8 /* UIButton+AppButton.h */,
				7BBFEC931BDE59FD00570CF8 /* UIButton+AppButton.m */,
				7BBFEC941BDE59FD00570CF8 /* UIFont+SystemFontOverride.h */,
				7BBFEC951BDE59FD00570CF8 /* UIFont+SystemFontOverride.m */,
				7BBFEC961BDE59FD00570CF8 /* UISearchBar+AppSearchBar.h */,
				7BBFEC971BDE59FD00570CF8 /* UISearchBar+AppSearchBar.m */,
				7BBFEC981BDE59FD00570CF8 /* DirectionsCellView.xib */,
				7BBFEC991BDE59FD00570CF8 /* LaunchScreen.xib */,
				7BBFEC9A1BDE59FD00570CF8 /* Main.storyboard */,
				7BBFEC9B1BDE59FD00570CF8 /* HorizontalDirectionsCellView.xib */,
				7BBFEC9C1BDE59FD00570CF8 /* HorizontalDirectionsController.xib */,
			);
			name = Views;
			sourceTree = "<group>";
		};
		7BBFEC5B1BDE59A500570CF8 /* gfx */ = {
			isa = PBXGroup;
			children = (
				7BBFECA81BDE5A6900570CF8 /* Auditorium.png */,
				7BBFECA91BDE5A6900570CF8 /* Auditorium@2x.png */,
				7BBFECAA1BDE5A6900570CF8 /* Auditorium@3x.png */,
				7BBFECAB1BDE5A6900570CF8 /* Back.png */,
				7BBFECAC1BDE5A6900570CF8 /* Back@2x.png */,
				7BBFECAD1BDE5A6900570CF8 /* Back@3x.png */,
				7BBFECAE1BDE5A6900570CF8 /* bcdining.jpeg */,
				7BBFECAF1BDE5A6900570CF8 /* bcdining2.jpg */,
				7BBFECB01BDE5A6900570CF8 /* bchall.jpg */,
				7BBFECB11BDE5A6900570CF8 /* CIFFShowroom.png */,
				7BBFECB21BDE5A6900570CF8 /* CIFFShowroom@2x.png */,
				7BBFECB31BDE5A6900570CF8 /* CIFFShowroom@3x.png */,
				7BBFECB41BDE5A6900570CF8 /* Clock.png */,
				7BBFECB51BDE5A6900570CF8 /* Clock@2x.png */,
				7BBFECB61BDE5A6900570CF8 /* Clock@3x.png */,
				7BBFECB71BDE5A6900570CF8 /* Close.png */,
				7BBFECB81BDE5A6900570CF8 /* Close@2x.png */,
				7BBFECB91BDE5A6900570CF8 /* Close@3x.png */,
				7BBFECBA1BDE5A6900570CF8 /* Conferenceroom.png */,
				7BBFECBB1BDE5A6900570CF8 /* Conferenceroom@2x.png */,
				7BBFECBC1BDE5A6900570CF8 /* Conferenceroom@3x.png */,
				7BBFECBD1BDE5A6900570CF8 /* elevator_action@2x.png */,
				7BBFECBE1BDE5A6900570CF8 /* Elevator@2x.png */,
				7BBFECBF1BDE5A6900570CF8 /* empty_icon.png */,
				7BBFECC01BDE5A6900570CF8 /* empty_icon@3x.png */,
				7BBFECC11BDE5A6900570CF8 /* emtpy_icon@2x.png */,
				7BBFECC21BDE5A6900570CF8 /* Entrance.png */,
				7BBFECC31BDE5A6900570CF8 /* Entrance@2x.png */,
				7BBFECC41BDE5A6900570CF8 /* Entrance@3x.png */,
				7BBFECC51BDE5A6900570CF8 /* Exit.png */,
				7BBFECC61BDE5A6900570CF8 /* Exit@2x.png */,
				7BBFECC71BDE5A6900570CF8 /* Exit@3x.png */,
				7BBFECC81BDE5A6900570CF8 /* ExitBlack.png */,
				7BBFECC91BDE5A6900570CF8 /* ExitBlack@2x.png */,
				7BBFECCA1BDE5A6900570CF8 /* ExitBlack@3x.png */,
				7BBFECCB1BDE5A6900570CF8 /* Findnearest.png */,
				7BBFECCC1BDE5A6900570CF8 /* Findnearest@2x.png */,
				7BBFECCD1BDE5A6900570CF8 /* Findnearest@3x.png */,
				7BBFECCE1BDE5A6900570CF8 /* Hall.png */,
				7BBFECCF1BDE5A6900570CF8 /* Hall@2x.png */,
				7BBFECD01BDE5A6900570CF8 /* Hall@3x.png */,
				7BBFECD11BDE5A6900570CF8 /* International Hotel.png */,
				7BBFECD21BDE5A6900570CF8 /* InternationalHotel@2x.png */,
				7BBFECD31BDE5A6900570CF8 /* InternationalHotel@3x.png */,
				7BBFECD41BDE5A6900570CF8 /* lounge.jpg */,
				7BBFECD51BDE5A6900570CF8 /* Mylocation_direction@3x.png */,
				7BBFECD61BDE5A6900570CF8 /* Mylocation@3x.png */,
				7BBFECD71BDE5A6900570CF8 /* next_action@2x.png */,
				7BBFECD81BDE5A6900570CF8 /* origin@2x.png */,
				7BBFECD91BDE5A6900570CF8 /* Parking.png */,
				7BBFECDA1BDE5A6900570CF8 /* Parking@2x.png */,
				7BBFECDB1BDE5A6900570CF8 /* Parking@3x.png */,
				7BBFECDC1BDE5A6900570CF8 /* Phone.png */,
				7BBFECDD1BDE5A6900570CF8 /* Phone@2x.png */,
				7BBFECDE1BDE5A6900570CF8 /* Phone@3x.png */,
				7BBFECDF1BDE5A6900570CF8 /* placeholder.png */,
				7BBFECE01BDE5A6900570CF8 /* placeholder@2x.png */,
				7BBFECE11BDE5A6900570CF8 /* previous_action@2x.png */,
				7BBFECE21BDE5A6900570CF8 /* Restaurant.png */,
				7BBFECE31BDE5A6900570CF8 /* Restaurant@2x.png */,
				7BBFECE41BDE5A6900570CF8 /* Restaurant@3x.png */,
				7BBFECE51BDE5A6900570CF8 /* Restroom.png */,
				7BBFECE61BDE5A6900570CF8 /* Restroom@2x.png */,
				7BBFECE71BDE5A6900570CF8 /* Restroom@3x.png */,
				7BBFECE81BDE5A6900570CF8 /* RestroomBlack.png */,
				7BBFECE91BDE5A6900570CF8 /* RestroomBlack@2x.png */,
				7BBFECEA1BDE5A6900570CF8 /* RestroomBlack@3x.png */,
				7BBFECEB1BDE5A6900570CF8 /* Search.png */,
				7BBFECEC1BDE5A6900570CF8 /* Search@2x.png */,
				7BBFECED1BDE5A6900570CF8 /* Search@3x.png */,
				7BBFECEE1BDE5A6900570CF8 /* Stairs.png */,
				7BBFECEF1BDE5A6900570CF8 /* Stairs@2x.png */,
				7BBFECF01BDE5A6900570CF8 /* Stairs@3x.png */,
				7BBFECF11BDE5A6900570CF8 /* StairsBlack.png */,
				7BBFECF21BDE5A6900570CF8 /* StairsBlack@2x.png */,
				7BBFECF31BDE5A6900570CF8 /* StairsBlack@3x.png */,
				7BBFECF41BDE5A6900570CF8 /* steps_action@2x.png */,
				7BBFECF51BDE5A6900570CF8 /* Venue@2x.png */,
				7BBFECF61BDE5A6900570CF8 /* Walk.png */,
				7BBFECF71BDE5A6900570CF8 /* Walk@2x.png */,
				7BBFECF81BDE5A6900570CF8 /* Walk@3x.png */,
				7BBFECF91BDE5A6900570CF8 /* placeholder.png */,
				7BBFECFA1BDE5A6900570CF8 /* placeholder@2x.png */,
				7BBFECFB1BDE5A6900570CF8 /* placeholder@3x.png */,
			);
			name = gfx;
			sourceTree = "<group>";
		};
		7BBFED501BDE5AE300570CF8 /* Supporting Files */ = {
			isa = PBXGroup;
			children = (
				7B9C56191BDE710600C9D81C /* MapsIndoors-Prefix.pch */,
				7BBFED511BDE5B1300570CF8 /* Info.plist */,
				7BBFED521BDE5B1300570CF8 /* main.m */,
			);
			name = "Supporting Files";
			sourceTree = "<group>";
		};
		FF82ECF2C061D4EB527FEACA /* Pods */ = {
			isa = PBXGroup;
			children = (
				021A69AA4D3C588DB7607CF1 /* Pods-MapsIndoors_Example.debug.xcconfig */,
				D4C41619E8538A4474172EC9 /* Pods-MapsIndoors_Example.release.xcconfig */,
				63504553228DCBAE8ABC3092 /* Pods-MapsIndoors_Tests.debug.xcconfig */,
				966DCDED7F0A9B1AAF18793C /* Pods-MapsIndoors_Tests.release.xcconfig */,
			);
			name = Pods;
			sourceTree = "<group>";
		};
/* End PBXGroup section */

/* Begin PBXNativeTarget section */
		6003F589195388D20070C39A /* MapsIndoors_Example */ = {
			isa = PBXNativeTarget;
			buildConfigurationList = 6003F5BF195388D20070C39A /* Build configuration list for PBXNativeTarget "MapsIndoors_Example" */;
			buildPhases = (
				D45FD572AC741E020B5E2375 /* Check Pods Manifest.lock */,
				6003F586195388D20070C39A /* Sources */,
				6003F587195388D20070C39A /* Frameworks */,
				6003F588195388D20070C39A /* Resources */,
				42339C72C77DD2C6C42FFCE9 /* Embed Pods Frameworks */,
				7E5183AB169F8DA1B0BA6713 /* Copy Pods Resources */,
			);
			buildRules = (
			);
			dependencies = (
			);
			name = MapsIndoors_Example;
			productName = MapsIndoors;
			productReference = 6003F58A195388D20070C39A /* MapsIndoors_Example.app */;
			productType = "com.apple.product-type.application";
		};
		6003F5AD195388D20070C39A /* MapsIndoors_Tests */ = {
			isa = PBXNativeTarget;
			buildConfigurationList = 6003F5C2195388D20070C39A /* Build configuration list for PBXNativeTarget "MapsIndoors_Tests" */;
			buildPhases = (
				04E930E7A4167712BB53DDFF /* Check Pods Manifest.lock */,
				6003F5AA195388D20070C39A /* Sources */,
				6003F5AB195388D20070C39A /* Frameworks */,
				6003F5AC195388D20070C39A /* Resources */,
				E2CAFDE978D9850C94C77F1D /* Embed Pods Frameworks */,
				934BBCAAD849326B157C677C /* Copy Pods Resources */,
			);
			buildRules = (
			);
			dependencies = (
				7B62D3451BE8B58000F4B5BB /* PBXTargetDependency */,
			);
			name = MapsIndoors_Tests;
			productName = MapsIndoorsTests;
			productReference = 6003F5AE195388D20070C39A /* MapsIndoors_Tests.xctest */;
			productType = "com.apple.product-type.bundle.unit-test";
		};
/* End PBXNativeTarget section */

/* Begin PBXProject section */
		6003F582195388D10070C39A /* Project object */ = {
			isa = PBXProject;
			attributes = {
				CLASSPREFIX = MI;
				LastUpgradeCheck = 0710;
				ORGANIZATIONNAME = "MapsPeople A/S";
				TargetAttributes = {
					6003F589195388D20070C39A = {
						DevelopmentTeam = A8V6656PYZ;
					};
					6003F5AD195388D20070C39A = {
						TestTargetID = 6003F589195388D20070C39A;
					};
				};
			};
			buildConfigurationList = 6003F585195388D10070C39A /* Build configuration list for PBXProject "MapsIndoors" */;
			compatibilityVersion = "Xcode 3.2";
			developmentRegion = English;
			hasScannedForEncodings = 0;
			knownRegions = (
				en,
				Base,
			);
			mainGroup = 6003F581195388D10070C39A;
			productRefGroup = 6003F58B195388D20070C39A /* Products */;
			projectDirPath = "";
			projectRoot = "";
			targets = (
				6003F589195388D20070C39A /* MapsIndoors_Example */,
				6003F5AD195388D20070C39A /* MapsIndoors_Tests */,
			);
		};
/* End PBXProject section */

/* Begin PBXResourcesBuildPhase section */
		6003F588195388D20070C39A /* Resources */ = {
			isa = PBXResourcesBuildPhase;
			buildActionMask = 2147483647;
			files = (
				7BBFED3C1BDE5A6900570CF8 /* RestroomBlack.png in Resources */,
				7BBFED471BDE5A6900570CF8 /* StairsBlack@3x.png in Resources */,
				7BBFED3B1BDE5A6900570CF8 /* Restroom@3x.png in Resources */,
				7BBFED401BDE5A6900570CF8 /* Search@2x.png in Resources */,
				7BBFED0D1BDE5A6900570CF8 /* Close@3x.png in Resources */,
				7BBFECFE1BDE5A6900570CF8 /* Auditorium@3x.png in Resources */,
				7BBFED2E1BDE5A6900570CF8 /* Parking@2x.png in Resources */,
				7BBFECA61BDE59FD00570CF8 /* HorizontalDirectionsCellView.xib in Resources */,
				7BBFECFF1BDE5A6900570CF8 /* Back.png in Resources */,
				7BBFED061BDE5A6900570CF8 /* CIFFShowroom@2x.png in Resources */,
				7BBFED1C1BDE5A6900570CF8 /* ExitBlack.png in Resources */,
				7BBFED151BDE5A6900570CF8 /* emtpy_icon@2x.png in Resources */,
				7BBFED341BDE5A6900570CF8 /* placeholder@2x.png in Resources */,
				7BBFED201BDE5A6900570CF8 /* Findnearest@2x.png in Resources */,
				7BBFED241BDE5A6900570CF8 /* Hall@3x.png in Resources */,
				7BBFED0F1BDE5A6900570CF8 /* Conferenceroom@2x.png in Resources */,
				7BBFECFD1BDE5A6900570CF8 /* Auditorium@2x.png in Resources */,
				7BBFED351BDE5A6900570CF8 /* previous_action@2x.png in Resources */,
				7BBFED411BDE5A6900570CF8 /* Search@3x.png in Resources */,
				7BBFED3A1BDE5A6900570CF8 /* Restroom@2x.png in Resources */,
				7BBFED281BDE5A6900570CF8 /* lounge.jpg in Resources */,
				7BBFED371BDE5A6900570CF8 /* Restaurant@2x.png in Resources */,
				7BBFED451BDE5A6900570CF8 /* StairsBlack.png in Resources */,
				7BBFED031BDE5A6900570CF8 /* bcdining2.jpg in Resources */,
				7BBFED191BDE5A6900570CF8 /* Exit.png in Resources */,
				7BBFECA31BDE59FD00570CF8 /* DirectionsCellView.xib in Resources */,
				7BBFED041BDE5A6900570CF8 /* bchall.jpg in Resources */,
				7BBFED271BDE5A6900570CF8 /* InternationalHotel@3x.png in Resources */,
				7BBFED2F1BDE5A6900570CF8 /* Parking@3x.png in Resources */,
				7BBFECA41BDE59FD00570CF8 /* LaunchScreen.xib in Resources */,
				7BBFED121BDE5A6900570CF8 /* Elevator@2x.png in Resources */,
				7BBFED2B1BDE5A6900570CF8 /* next_action@2x.png in Resources */,
				7BBFED441BDE5A6900570CF8 /* Stairs@3x.png in Resources */,
				7BBFED461BDE5A6900570CF8 /* StairsBlack@2x.png in Resources */,
				7BBFED091BDE5A6900570CF8 /* Clock@2x.png in Resources */,
				7BBFED361BDE5A6900570CF8 /* Restaurant.png in Resources */,
				7BBFED291BDE5A6900570CF8 /* Mylocation_direction@3x.png in Resources */,
				7BBFED001BDE5A6900570CF8 /* Back@2x.png in Resources */,
				7BBFED301BDE5A6900570CF8 /* Phone.png in Resources */,
				7BBFED391BDE5A6900570CF8 /* Restroom.png in Resources */,
				7BBFED0A1BDE5A6900570CF8 /* Clock@3x.png in Resources */,
				7BBFED481BDE5A6900570CF8 /* steps_action@2x.png in Resources */,
				7BBFED1A1BDE5A6900570CF8 /* Exit@2x.png in Resources */,
				7BBFED321BDE5A6900570CF8 /* Phone@3x.png in Resources */,
				7BBFED0E1BDE5A6900570CF8 /* Conferenceroom.png in Resources */,
				7BBFED1D1BDE5A6900570CF8 /* ExitBlack@2x.png in Resources */,
				7BBFED2C1BDE5A6900570CF8 /* origin@2x.png in Resources */,
				7BBFED311BDE5A6900570CF8 /* Phone@2x.png in Resources */,
				7BBFED2A1BDE5A6900570CF8 /* Mylocation@3x.png in Resources */,
				7BBFED161BDE5A6900570CF8 /* Entrance.png in Resources */,
				7BBFED1E1BDE5A6900570CF8 /* ExitBlack@3x.png in Resources */,
				7BBFED4B1BDE5A6900570CF8 /* Walk@2x.png in Resources */,
				7BBFED1F1BDE5A6900570CF8 /* Findnearest.png in Resources */,
				7BBFED4D1BDE5A6900570CF8 /* placeholder.png in Resources */,
				7BBFED171BDE5A6900570CF8 /* Entrance@2x.png in Resources */,
				7BBFED1B1BDE5A6900570CF8 /* Exit@3x.png in Resources */,
				7BBFED2D1BDE5A6900570CF8 /* Parking.png in Resources */,
				7BBFED221BDE5A6900570CF8 /* Hall.png in Resources */,
				7BBFED051BDE5A6900570CF8 /* CIFFShowroom.png in Resources */,
				7BBFED431BDE5A6900570CF8 /* Stairs@2x.png in Resources */,
				7BBFED071BDE5A6900570CF8 /* CIFFShowroom@3x.png in Resources */,
				7BBFECA71BDE59FD00570CF8 /* HorizontalDirectionsController.xib in Resources */,
				7BBFED111BDE5A6900570CF8 /* elevator_action@2x.png in Resources */,
				7BBFED101BDE5A6900570CF8 /* Conferenceroom@3x.png in Resources */,
				7BBFED4A1BDE5A6900570CF8 /* Walk.png in Resources */,
				7BBFECFC1BDE5A6900570CF8 /* Auditorium.png in Resources */,
				7BBFED3F1BDE5A6900570CF8 /* Search.png in Resources */,
				7BE91FC21BDE557800A16EE0 /* Images.xcassets in Resources */,
				7BBFED011BDE5A6900570CF8 /* Back@3x.png in Resources */,
				7BBFED0B1BDE5A6900570CF8 /* Close.png in Resources */,
				7BBFED0C1BDE5A6900570CF8 /* Close@2x.png in Resources */,
				7BBFED381BDE5A6900570CF8 /* Restaurant@3x.png in Resources */,
				7BBFED141BDE5A6900570CF8 /* empty_icon@3x.png in Resources */,
				7BBFED181BDE5A6900570CF8 /* Entrance@3x.png in Resources */,
				7BBFED4F1BDE5A6900570CF8 /* placeholder@3x.png in Resources */,
				7BBFECA51BDE59FD00570CF8 /* Main.storyboard in Resources */,
				7BBFED231BDE5A6900570CF8 /* Hall@2x.png in Resources */,
				7BBFED421BDE5A6900570CF8 /* Stairs.png in Resources */,
				7BBFED021BDE5A6900570CF8 /* bcdining.jpeg in Resources */,
				7BBFED3D1BDE5A6900570CF8 /* RestroomBlack@2x.png in Resources */,
				7BBFED261BDE5A6900570CF8 /* InternationalHotel@2x.png in Resources */,
				7BBFED4C1BDE5A6900570CF8 /* Walk@3x.png in Resources */,
				7BBFED3E1BDE5A6900570CF8 /* RestroomBlack@3x.png in Resources */,
				7BBFED131BDE5A6900570CF8 /* empty_icon.png in Resources */,
				7BBFED491BDE5A6900570CF8 /* Venue@2x.png in Resources */,
				7BBFED081BDE5A6900570CF8 /* Clock.png in Resources */,
				7BBFED251BDE5A6900570CF8 /* International Hotel.png in Resources */,
				7BBFED211BDE5A6900570CF8 /* Findnearest@3x.png in Resources */,
			);
			runOnlyForDeploymentPostprocessing = 0;
		};
		6003F5AC195388D20070C39A /* Resources */ = {
			isa = PBXResourcesBuildPhase;
			buildActionMask = 2147483647;
			files = (
				6003F5BA195388D20070C39A /* InfoPlist.strings in Resources */,
			);
			runOnlyForDeploymentPostprocessing = 0;
		};
/* End PBXResourcesBuildPhase section */

/* Begin PBXShellScriptBuildPhase section */
		04E930E7A4167712BB53DDFF /* Check Pods Manifest.lock */ = {
			isa = PBXShellScriptBuildPhase;
			buildActionMask = 2147483647;
			files = (
			);
			inputPaths = (
			);
			name = "Check Pods Manifest.lock";
			outputPaths = (
			);
			runOnlyForDeploymentPostprocessing = 0;
			shellPath = /bin/sh;
			shellScript = "diff \"${PODS_ROOT}/../Podfile.lock\" \"${PODS_ROOT}/Manifest.lock\" > /dev/null\nif [[ $? != 0 ]] ; then\n    cat << EOM\nerror: The sandbox is not in sync with the Podfile.lock. Run 'pod install' or update your CocoaPods installation.\nEOM\n    exit 1\nfi\n";
			showEnvVarsInLog = 0;
		};
		42339C72C77DD2C6C42FFCE9 /* Embed Pods Frameworks */ = {
			isa = PBXShellScriptBuildPhase;
			buildActionMask = 2147483647;
			files = (
			);
			inputPaths = (
			);
			name = "Embed Pods Frameworks";
			outputPaths = (
			);
			runOnlyForDeploymentPostprocessing = 0;
			shellPath = /bin/sh;
			shellScript = "\"${SRCROOT}/Pods/Target Support Files/Pods-MapsIndoors_Example/Pods-MapsIndoors_Example-frameworks.sh\"\n";
			showEnvVarsInLog = 0;
		};
		7E5183AB169F8DA1B0BA6713 /* Copy Pods Resources */ = {
			isa = PBXShellScriptBuildPhase;
			buildActionMask = 2147483647;
			files = (
			);
			inputPaths = (
			);
			name = "Copy Pods Resources";
			outputPaths = (
			);
			runOnlyForDeploymentPostprocessing = 0;
			shellPath = /bin/sh;
			shellScript = "\"${SRCROOT}/Pods/Target Support Files/Pods-MapsIndoors_Example/Pods-MapsIndoors_Example-resources.sh\"\n";
			showEnvVarsInLog = 0;
		};
		934BBCAAD849326B157C677C /* Copy Pods Resources */ = {
			isa = PBXShellScriptBuildPhase;
			buildActionMask = 2147483647;
			files = (
			);
			inputPaths = (
			);
			name = "Copy Pods Resources";
			outputPaths = (
			);
			runOnlyForDeploymentPostprocessing = 0;
			shellPath = /bin/sh;
			shellScript = "\"${SRCROOT}/Pods/Target Support Files/Pods-MapsIndoors_Tests/Pods-MapsIndoors_Tests-resources.sh\"\n";
			showEnvVarsInLog = 0;
		};
		D45FD572AC741E020B5E2375 /* Check Pods Manifest.lock */ = {
			isa = PBXShellScriptBuildPhase;
			buildActionMask = 2147483647;
			files = (
			);
			inputPaths = (
			);
			name = "Check Pods Manifest.lock";
			outputPaths = (
			);
			runOnlyForDeploymentPostprocessing = 0;
			shellPath = /bin/sh;
			shellScript = "diff \"${PODS_ROOT}/../Podfile.lock\" \"${PODS_ROOT}/Manifest.lock\" > /dev/null\nif [[ $? != 0 ]] ; then\n    cat << EOM\nerror: The sandbox is not in sync with the Podfile.lock. Run 'pod install' or update your CocoaPods installation.\nEOM\n    exit 1\nfi\n";
			showEnvVarsInLog = 0;
		};
		E2CAFDE978D9850C94C77F1D /* Embed Pods Frameworks */ = {
			isa = PBXShellScriptBuildPhase;
			buildActionMask = 2147483647;
			files = (
			);
			inputPaths = (
			);
			name = "Embed Pods Frameworks";
			outputPaths = (
			);
			runOnlyForDeploymentPostprocessing = 0;
			shellPath = /bin/sh;
			shellScript = "\"${SRCROOT}/Pods/Target Support Files/Pods-MapsIndoors_Tests/Pods-MapsIndoors_Tests-frameworks.sh\"\n";
			showEnvVarsInLog = 0;
		};
/* End PBXShellScriptBuildPhase section */

/* Begin PBXSourcesBuildPhase section */
		6003F586195388D20070C39A /* Sources */ = {
			isa = PBXSourcesBuildPhase;
			buildActionMask = 2147483647;
			files = (
				7BBFEC871BDE59D600570CF8 /* GPSPositionProvider.m in Sources */,
				7BBFEC861BDE59D600570CF8 /* Global.m in Sources */,
				7BBFEC9D1BDE59FD00570CF8 /* DirectionsCellView.m in Sources */,
				7BBFEC741BDE59BD00570CF8 /* HorizontalDirectionsController.m in Sources */,
				7BBFECA21BDE59FD00570CF8 /* UISearchBar+AppSearchBar.m in Sources */,
				7BBFEC701BDE59BD00570CF8 /* ContainerViewController.m in Sources */,
				7BBFEC881BDE59D600570CF8 /* POIData.m in Sources */,
				7BBFEC781BDE59BD00570CF8 /* SearchViewController.m in Sources */,
				7BBFEC721BDE59BD00570CF8 /* DirectionsController.m in Sources */,
				7BE91FC11BDE557800A16EE0 /* AppDelegate.m in Sources */,
				7BBFEC761BDE59BD00570CF8 /* MasterViewController.m in Sources */,
				7BBFECA01BDE59FD00570CF8 /* UIButton+AppButton.m in Sources */,
				7BBFECA11BDE59FD00570CF8 /* UIFont+SystemFontOverride.m in Sources */,
				7BBFEC791BDE59BD00570CF8 /* UINavigationController+TransparentNavigationController.m in Sources */,
				7BBFEC711BDE59BD00570CF8 /* DetailViewController.m in Sources */,
				7BBFEC9F1BDE59FD00570CF8 /* UIColor+AppColor.m in Sources */,
				7BBFEC891BDE59D600570CF8 /* RoutingData.m in Sources */,
				7BBFEC731BDE59BD00570CF8 /* FloatingActionMenuController.m in Sources */,
				7BBFEC9E1BDE59FD00570CF8 /* DottedLine.m in Sources */,
				7BBFEC771BDE59BD00570CF8 /* MasterNavigationController.m in Sources */,
				7BBFED541BDE5B1300570CF8 /* main.m in Sources */,
				7BBFEC751BDE59BD00570CF8 /* MapViewController.m in Sources */,
			);
			runOnlyForDeploymentPostprocessing = 0;
		};
		6003F5AA195388D20070C39A /* Sources */ = {
			isa = PBXSourcesBuildPhase;
			buildActionMask = 2147483647;
			files = (
				6003F5BC195388D20070C39A /* Tests.m in Sources */,
			);
			runOnlyForDeploymentPostprocessing = 0;
		};
/* End PBXSourcesBuildPhase section */

/* Begin PBXTargetDependency section */
		7B62D3451BE8B58000F4B5BB /* PBXTargetDependency */ = {
			isa = PBXTargetDependency;
			target = 6003F589195388D20070C39A /* MapsIndoors_Example */;
			targetProxy = 7B62D3441BE8B58000F4B5BB /* PBXContainerItemProxy */;
		};
/* End PBXTargetDependency section */

/* Begin PBXVariantGroup section */
		6003F5B8195388D20070C39A /* InfoPlist.strings */ = {
			isa = PBXVariantGroup;
			children = (
				6003F5B9195388D20070C39A /* en */,
			);
			name = InfoPlist.strings;
			sourceTree = "<group>";
		};
/* End PBXVariantGroup section */

/* Begin XCBuildConfiguration section */
		6003F5BD195388D20070C39A /* Debug */ = {
			isa = XCBuildConfiguration;
			buildSettings = {
				ALWAYS_SEARCH_USER_PATHS = NO;
				CLANG_ALLOW_NON_MODULAR_INCLUDES_IN_FRAMEWORK_MODULES = YES;
				CLANG_CXX_LANGUAGE_STANDARD = "gnu++0x";
				CLANG_CXX_LIBRARY = "libc++";
				CLANG_ENABLE_MODULES = YES;
				CLANG_ENABLE_OBJC_ARC = YES;
				CLANG_WARN_BOOL_CONVERSION = YES;
				CLANG_WARN_CONSTANT_CONVERSION = YES;
				CLANG_WARN_DIRECT_OBJC_ISA_USAGE = YES_ERROR;
				CLANG_WARN_EMPTY_BODY = YES;
				CLANG_WARN_ENUM_CONVERSION = YES;
				CLANG_WARN_INT_CONVERSION = YES;
				CLANG_WARN_OBJC_ROOT_CLASS = YES_ERROR;
				CLANG_WARN__DUPLICATE_METHOD_MATCH = YES;
				CODE_SIGN_IDENTITY = "iPhone Developer";
				COPY_PHASE_STRIP = NO;
				ENABLE_BITCODE = NO;
				ENABLE_TESTABILITY = YES;
				GCC_C_LANGUAGE_STANDARD = gnu99;
				GCC_DYNAMIC_NO_PIC = NO;
				GCC_OPTIMIZATION_LEVEL = 0;
				GCC_PREPROCESSOR_DEFINITIONS = (
					"DEBUG=1",
					"$(inherited)",
				);
				GCC_SYMBOLS_PRIVATE_EXTERN = NO;
				GCC_WARN_64_TO_32_BIT_CONVERSION = YES;
				GCC_WARN_ABOUT_RETURN_TYPE = YES_ERROR;
				GCC_WARN_UNDECLARED_SELECTOR = YES;
				GCC_WARN_UNINITIALIZED_AUTOS = YES_AGGRESSIVE;
				GCC_WARN_UNUSED_FUNCTION = YES;
				GCC_WARN_UNUSED_VARIABLE = YES;
				IPHONEOS_DEPLOYMENT_TARGET = 8.1;
				ONLY_ACTIVE_ARCH = YES;
				PROVISIONING_PROFILE = "9e5c57b9-cb3e-4c12-b959-48f3aae608f5";
				SDKROOT = iphoneos;
				TARGETED_DEVICE_FAMILY = "1,2";
			};
			name = Debug;
		};
		6003F5BE195388D20070C39A /* Release */ = {
			isa = XCBuildConfiguration;
			buildSettings = {
				ALWAYS_SEARCH_USER_PATHS = NO;
				CLANG_ALLOW_NON_MODULAR_INCLUDES_IN_FRAMEWORK_MODULES = YES;
				CLANG_CXX_LANGUAGE_STANDARD = "gnu++0x";
				CLANG_CXX_LIBRARY = "libc++";
				CLANG_ENABLE_MODULES = YES;
				CLANG_ENABLE_OBJC_ARC = YES;
				CLANG_WARN_BOOL_CONVERSION = YES;
				CLANG_WARN_CONSTANT_CONVERSION = YES;
				CLANG_WARN_DIRECT_OBJC_ISA_USAGE = YES_ERROR;
				CLANG_WARN_EMPTY_BODY = YES;
				CLANG_WARN_ENUM_CONVERSION = YES;
				CLANG_WARN_INT_CONVERSION = YES;
				CLANG_WARN_OBJC_ROOT_CLASS = YES_ERROR;
				CLANG_WARN__DUPLICATE_METHOD_MATCH = YES;
				CODE_SIGN_IDENTITY = "iPhone Developer";
				COPY_PHASE_STRIP = YES;
				ENABLE_BITCODE = NO;
				ENABLE_NS_ASSERTIONS = NO;
				GCC_C_LANGUAGE_STANDARD = gnu99;
				GCC_WARN_64_TO_32_BIT_CONVERSION = YES;
				GCC_WARN_ABOUT_RETURN_TYPE = YES_ERROR;
				GCC_WARN_UNDECLARED_SELECTOR = YES;
				GCC_WARN_UNINITIALIZED_AUTOS = YES_AGGRESSIVE;
				GCC_WARN_UNUSED_FUNCTION = YES;
				GCC_WARN_UNUSED_VARIABLE = YES;
				IPHONEOS_DEPLOYMENT_TARGET = 8.1;
				PROVISIONING_PROFILE = "9e5c57b9-cb3e-4c12-b959-48f3aae608f5";
				SDKROOT = iphoneos;
				TARGETED_DEVICE_FAMILY = "1,2";
				VALIDATE_PRODUCT = YES;
			};
			name = Release;
		};
		6003F5C0195388D20070C39A /* Debug */ = {
			isa = XCBuildConfiguration;
			baseConfigurationReference = 021A69AA4D3C588DB7607CF1 /* Pods-MapsIndoors_Example.debug.xcconfig */;
			buildSettings = {
				ASSETCATALOG_COMPILER_APPICON_NAME = AppIcon;
				CLANG_ALLOW_NON_MODULAR_INCLUDES_IN_FRAMEWORK_MODULES = NO;
				CODE_SIGN_IDENTITY = "iPhone Developer";
				"CODE_SIGN_IDENTITY[sdk=iphoneos*]" = "iPhone Developer";
				FRAMEWORK_SEARCH_PATHS = (
					"$(inherited)",
					"$(PROJECT_DIR)",
				);
				GCC_PRECOMPILE_PREFIX_HEADER = YES;
				GCC_PREFIX_HEADER = "MapsIndoors/MapsIndoors-Prefix.pch";
				INFOPLIST_FILE = "$(SRCROOT)/MapsIndoors/Info.plist";
				MODULE_NAME = ExampleApp;
				PRODUCT_BUNDLE_IDENTIFIER = "Y9ED767H7S.$(PRODUCT_NAME:rfc1034identifier)";
				PRODUCT_NAME = "$(TARGET_NAME)";
				PROVISIONING_PROFILE = "";
				TARGETED_DEVICE_FAMILY = "1,2";
				VALID_ARCHS = "arm64 armv7 armv7s x86_64";
				WRAPPER_EXTENSION = app;
			};
			name = Debug;
		};
		6003F5C1195388D20070C39A /* Release */ = {
			isa = XCBuildConfiguration;
			baseConfigurationReference = D4C41619E8538A4474172EC9 /* Pods-MapsIndoors_Example.release.xcconfig */;
			buildSettings = {
				ASSETCATALOG_COMPILER_APPICON_NAME = AppIcon;
				CLANG_ALLOW_NON_MODULAR_INCLUDES_IN_FRAMEWORK_MODULES = NO;
				CODE_SIGN_IDENTITY = "iPhone Developer";
				"CODE_SIGN_IDENTITY[sdk=iphoneos*]" = "iPhone Developer";
				FRAMEWORK_SEARCH_PATHS = (
					"$(inherited)",
					"$(PROJECT_DIR)",
				);
				GCC_PRECOMPILE_PREFIX_HEADER = YES;
				GCC_PREFIX_HEADER = "MapsIndoors/MapsIndoors-Prefix.pch";
				INFOPLIST_FILE = "$(SRCROOT)/MapsIndoors/Info.plist";
				MODULE_NAME = ExampleApp;
				PRODUCT_BUNDLE_IDENTIFIER = "Y9ED767H7S.$(PRODUCT_NAME:rfc1034identifier)";
				PRODUCT_NAME = "$(TARGET_NAME)";
				PROVISIONING_PROFILE = "";
				TARGETED_DEVICE_FAMILY = "1,2";
				VALID_ARCHS = "arm64 armv7 armv7s x86_64";
				WRAPPER_EXTENSION = app;
			};
			name = Release;
		};
		6003F5C3195388D20070C39A /* Debug */ = {
			isa = XCBuildConfiguration;
			baseConfigurationReference = 63504553228DCBAE8ABC3092 /* Pods-MapsIndoors_Tests.debug.xcconfig */;
			buildSettings = {
				BUNDLE_LOADER = "$(TEST_HOST)";
				FRAMEWORK_SEARCH_PATHS = (
					"$(SDKROOT)/Developer/Library/Frameworks",
					"$(inherited)",
					"$(DEVELOPER_FRAMEWORKS_DIR)",
				);
				GCC_PRECOMPILE_PREFIX_HEADER = YES;
				GCC_PREFIX_HEADER = "Tests/Tests-Prefix.pch";
				GCC_PREPROCESSOR_DEFINITIONS = (
					"DEBUG=1",
					"$(inherited)",
				);
				INFOPLIST_FILE = "Tests/Tests-Info.plist";
				PRODUCT_BUNDLE_IDENTIFIER = "org.cocoapods.demo.${PRODUCT_NAME:rfc1034identifier}";
				PRODUCT_NAME = "$(TARGET_NAME)";
				TEST_HOST = "$(BUILT_PRODUCTS_DIR)/MapsIndoors_Example.app/MapsIndoors_Example";
				WRAPPER_EXTENSION = xctest;
			};
			name = Debug;
		};
		6003F5C4195388D20070C39A /* Release */ = {
			isa = XCBuildConfiguration;
			baseConfigurationReference = 966DCDED7F0A9B1AAF18793C /* Pods-MapsIndoors_Tests.release.xcconfig */;
			buildSettings = {
				BUNDLE_LOADER = "$(TEST_HOST)";
				FRAMEWORK_SEARCH_PATHS = (
					"$(SDKROOT)/Developer/Library/Frameworks",
					"$(inherited)",
					"$(DEVELOPER_FRAMEWORKS_DIR)",
				);
				GCC_PRECOMPILE_PREFIX_HEADER = YES;
				GCC_PREFIX_HEADER = "Tests/Tests-Prefix.pch";
				INFOPLIST_FILE = "Tests/Tests-Info.plist";
				PRODUCT_BUNDLE_IDENTIFIER = "org.cocoapods.demo.${PRODUCT_NAME:rfc1034identifier}";
				PRODUCT_NAME = "$(TARGET_NAME)";
				TEST_HOST = "$(BUILT_PRODUCTS_DIR)/MapsIndoors_Example.app/MapsIndoors_Example";
				WRAPPER_EXTENSION = xctest;
			};
			name = Release;
		};
/* End XCBuildConfiguration section */

/* Begin XCConfigurationList section */
		6003F585195388D10070C39A /* Build configuration list for PBXProject "MapsIndoors" */ = {
			isa = XCConfigurationList;
			buildConfigurations = (
				6003F5BD195388D20070C39A /* Debug */,
				6003F5BE195388D20070C39A /* Release */,
			);
			defaultConfigurationIsVisible = 0;
			defaultConfigurationName = Release;
		};
		6003F5BF195388D20070C39A /* Build configuration list for PBXNativeTarget "MapsIndoors_Example" */ = {
			isa = XCConfigurationList;
			buildConfigurations = (
				6003F5C0195388D20070C39A /* Debug */,
				6003F5C1195388D20070C39A /* Release */,
			);
			defaultConfigurationIsVisible = 0;
			defaultConfigurationName = Release;
		};
		6003F5C2195388D20070C39A /* Build configuration list for PBXNativeTarget "MapsIndoors_Tests" */ = {
			isa = XCConfigurationList;
			buildConfigurations = (
				6003F5C3195388D20070C39A /* Debug */,
				6003F5C4195388D20070C39A /* Release */,
			);
			defaultConfigurationIsVisible = 0;
			defaultConfigurationName = Release;
		};
/* End XCConfigurationList section */
	};
	rootObject = 6003F582195388D10070C39A /* Project object */;
}
